// !$*UTF8*$!
{
	archiveVersion = 1;
	classes = {
	};
	objectVersion = 50;
	objects = {

/* Begin PBXBuildFile section */
		2A0D2B912153963400E5C6AD /* URLHook.swift in Sources */ = {isa = PBXBuildFile; fileRef = 2A0D2B872153963300E5C6AD /* URLHook.swift */; };
		2A0D2B922153963400E5C6AD /* URLHook.swift in Sources */ = {isa = PBXBuildFile; fileRef = 2A0D2B872153963300E5C6AD /* URLHook.swift */; };
		2A0D2B932153963400E5C6AD /* HTTPClientHook.swift in Sources */ = {isa = PBXBuildFile; fileRef = 2A0D2B882153963300E5C6AD /* HTTPClientHook.swift */; };
		2A0D2B942153963400E5C6AD /* HTTPClientHook.swift in Sources */ = {isa = PBXBuildFile; fileRef = 2A0D2B882153963300E5C6AD /* HTTPClientHook.swift */; };
		2A0D2B952153963400E5C6AD /* StubRequest.swift in Sources */ = {isa = PBXBuildFile; fileRef = 2A0D2B892153963300E5C6AD /* StubRequest.swift */; };
		2A0D2B962153963400E5C6AD /* StubRequest.swift in Sources */ = {isa = PBXBuildFile; fileRef = 2A0D2B892153963300E5C6AD /* StubRequest.swift */; };
		2A0D2B972153963400E5C6AD /* HTTPStubURLProtocol.swift in Sources */ = {isa = PBXBuildFile; fileRef = 2A0D2B8A2153963300E5C6AD /* HTTPStubURLProtocol.swift */; };
		2A0D2B982153963400E5C6AD /* HTTPStubURLProtocol.swift in Sources */ = {isa = PBXBuildFile; fileRef = 2A0D2B8A2153963300E5C6AD /* HTTPStubURLProtocol.swift */; };
		2A0D2B992153963400E5C6AD /* StubResponse.swift in Sources */ = {isa = PBXBuildFile; fileRef = 2A0D2B8B2153963300E5C6AD /* StubResponse.swift */; };
		2A0D2B9A2153963400E5C6AD /* StubResponse.swift in Sources */ = {isa = PBXBuildFile; fileRef = 2A0D2B8B2153963300E5C6AD /* StubResponse.swift */; };
		2A0D2B9B2153963400E5C6AD /* Hippolyte.swift in Sources */ = {isa = PBXBuildFile; fileRef = 2A0D2B8C2153963300E5C6AD /* Hippolyte.swift */; };
		2A0D2B9C2153963400E5C6AD /* Hippolyte.swift in Sources */ = {isa = PBXBuildFile; fileRef = 2A0D2B8C2153963300E5C6AD /* Hippolyte.swift */; };
		2A0D2B9D2153963400E5C6AD /* Matcher.swift in Sources */ = {isa = PBXBuildFile; fileRef = 2A0D2B8D2153963300E5C6AD /* Matcher.swift */; };
		2A0D2B9E2153963400E5C6AD /* Matcher.swift in Sources */ = {isa = PBXBuildFile; fileRef = 2A0D2B8D2153963300E5C6AD /* Matcher.swift */; };
		2A0D2B9F2153963400E5C6AD /* URLSessionHook.swift in Sources */ = {isa = PBXBuildFile; fileRef = 2A0D2B8E2153963300E5C6AD /* URLSessionHook.swift */; };
		2A0D2BA02153963400E5C6AD /* URLSessionHook.swift in Sources */ = {isa = PBXBuildFile; fileRef = 2A0D2B8E2153963300E5C6AD /* URLSessionHook.swift */; };
		2A0D2BA12153963400E5C6AD /* URL+HippolyteAdditions.swift in Sources */ = {isa = PBXBuildFile; fileRef = 2A0D2B8F2153963400E5C6AD /* URL+HippolyteAdditions.swift */; };
		2A0D2BA22153963400E5C6AD /* URL+HippolyteAdditions.swift in Sources */ = {isa = PBXBuildFile; fileRef = 2A0D2B8F2153963400E5C6AD /* URL+HippolyteAdditions.swift */; };
		2A0D2BA32153963400E5C6AD /* HTTPRequest.swift in Sources */ = {isa = PBXBuildFile; fileRef = 2A0D2B902153963400E5C6AD /* HTTPRequest.swift */; };
		2A0D2BA42153963400E5C6AD /* HTTPRequest.swift in Sources */ = {isa = PBXBuildFile; fileRef = 2A0D2B902153963400E5C6AD /* HTTPRequest.swift */; };
		2A0D702E2153C0C600178DA3 /* NSErrorExtension.swift in Sources */ = {isa = PBXBuildFile; fileRef = 2A0D702D2153C0C600178DA3 /* NSErrorExtension.swift */; };
		2A0D702F2153C0C600178DA3 /* NSErrorExtension.swift in Sources */ = {isa = PBXBuildFile; fileRef = 2A0D702D2153C0C600178DA3 /* NSErrorExtension.swift */; };
		2A0D70302153C0C600178DA3 /* NSErrorExtension.swift in Sources */ = {isa = PBXBuildFile; fileRef = 2A0D702D2153C0C600178DA3 /* NSErrorExtension.swift */; };
		2A0D70312153C0C600178DA3 /* NSErrorExtension.swift in Sources */ = {isa = PBXBuildFile; fileRef = 2A0D702D2153C0C600178DA3 /* NSErrorExtension.swift */; };
		2A0D70332153C15D00178DA3 /* HTTPCookieExtension.swift in Sources */ = {isa = PBXBuildFile; fileRef = 2A0D70322153C15D00178DA3 /* HTTPCookieExtension.swift */; };
		2A0D70342153C15D00178DA3 /* HTTPCookieExtension.swift in Sources */ = {isa = PBXBuildFile; fileRef = 2A0D70322153C15D00178DA3 /* HTTPCookieExtension.swift */; };
		2A0D70352153C15D00178DA3 /* HTTPCookieExtension.swift in Sources */ = {isa = PBXBuildFile; fileRef = 2A0D70322153C15D00178DA3 /* HTTPCookieExtension.swift */; };
		2A0D70362153C15D00178DA3 /* HTTPCookieExtension.swift in Sources */ = {isa = PBXBuildFile; fileRef = 2A0D70322153C15D00178DA3 /* HTTPCookieExtension.swift */; };
		2A1F38CC2152563A00E94738 /* Alamofire.framework in Frameworks */ = {isa = PBXBuildFile; fileRef = 2A1F3863215255B200E94738 /* Alamofire.framework */; };
		2A1F38CD2152563A00E94738 /* RxSwift.framework in Frameworks */ = {isa = PBXBuildFile; fileRef = 2A1F3889215255C200E94738 /* RxSwift.framework */; };
		2A1F38CE2152564500E94738 /* Alamofire.framework in Frameworks */ = {isa = PBXBuildFile; fileRef = 2A1F3867215255B200E94738 /* Alamofire.framework */; };
		2A1F38CF2152564500E94738 /* RxSwift.framework in Frameworks */ = {isa = PBXBuildFile; fileRef = 2A1F388B215255C200E94738 /* RxSwift.framework */; };
		2A1F38DF2152568B00E94738 /* RidiOAuth2_iOS.framework in Frameworks */ = {isa = PBXBuildFile; fileRef = 2A1F38B7215255EE00E94738 /* RidiOAuth2_iOS.framework */; };
		2A1F38EE215256A100E94738 /* RidiOAuth2_macOS.framework in Frameworks */ = {isa = PBXBuildFile; fileRef = 2A1F38C42152561A00E94738 /* RidiOAuth2_macOS.framework */; };
		2A1F38F9215257ED00E94738 /* RidiOAuth2Tests.swift in Sources */ = {isa = PBXBuildFile; fileRef = 2A1F38F7215257EC00E94738 /* RidiOAuth2Tests.swift */; };
		2A1F38FA215257ED00E94738 /* RidiOAuth2Tests.swift in Sources */ = {isa = PBXBuildFile; fileRef = 2A1F38F7215257EC00E94738 /* RidiOAuth2Tests.swift */; };
		2A1F391C2152588000E94738 /* Api.swift in Sources */ = {isa = PBXBuildFile; fileRef = 2A1F38552152559600E94738 /* Api.swift */; };
		2A1F391D2152588000E94738 /* Authorization.swift in Sources */ = {isa = PBXBuildFile; fileRef = 2A1F38542152559600E94738 /* Authorization.swift */; };
		2A1F391E2152588000E94738 /* TokenPair.swift in Sources */ = {isa = PBXBuildFile; fileRef = 2A1F38532152559600E94738 /* TokenPair.swift */; };
		2A1F391F2152588100E94738 /* Api.swift in Sources */ = {isa = PBXBuildFile; fileRef = 2A1F38552152559600E94738 /* Api.swift */; };
		2A1F39202152588100E94738 /* Authorization.swift in Sources */ = {isa = PBXBuildFile; fileRef = 2A1F38542152559600E94738 /* Authorization.swift */; };
		2A1F39212152588100E94738 /* TokenPair.swift in Sources */ = {isa = PBXBuildFile; fileRef = 2A1F38532152559600E94738 /* TokenPair.swift */; };
		2A1F39222152588300E94738 /* Api.swift in Sources */ = {isa = PBXBuildFile; fileRef = 2A1F38552152559600E94738 /* Api.swift */; };
		2A1F39232152588300E94738 /* Authorization.swift in Sources */ = {isa = PBXBuildFile; fileRef = 2A1F38542152559600E94738 /* Authorization.swift */; };
		2A1F39242152588300E94738 /* TokenPair.swift in Sources */ = {isa = PBXBuildFile; fileRef = 2A1F38532152559600E94738 /* TokenPair.swift */; };
		2A1F39252152588400E94738 /* Api.swift in Sources */ = {isa = PBXBuildFile; fileRef = 2A1F38552152559600E94738 /* Api.swift */; };
		2A1F39262152588400E94738 /* Authorization.swift in Sources */ = {isa = PBXBuildFile; fileRef = 2A1F38542152559600E94738 /* Authorization.swift */; };
		2A1F39272152588400E94738 /* TokenPair.swift in Sources */ = {isa = PBXBuildFile; fileRef = 2A1F38532152559600E94738 /* TokenPair.swift */; };
		2A1F39282152588700E94738 /* RidiOAuth2.h in Headers */ = {isa = PBXBuildFile; fileRef = 2A1F384B2152553600E94738 /* RidiOAuth2.h */; };
		2A1F39292152588800E94738 /* RidiOAuth2.h in Headers */ = {isa = PBXBuildFile; fileRef = 2A1F384B2152553600E94738 /* RidiOAuth2.h */; };
/* End PBXBuildFile section */

/* Begin PBXContainerItemProxy section */
		2A1F3862215255B200E94738 /* PBXContainerItemProxy */ = {
			isa = PBXContainerItemProxy;
			containerPortal = 2A1F3857215255B100E94738 /* Alamofire.xcodeproj */;
			proxyType = 2;
			remoteGlobalIDString = F8111E3319A95C8B0040E7D1;
			remoteInfo = "Alamofire iOS";
		};
		2A1F3864215255B200E94738 /* PBXContainerItemProxy */ = {
			isa = PBXContainerItemProxy;
			containerPortal = 2A1F3857215255B100E94738 /* Alamofire.xcodeproj */;
			proxyType = 2;
			remoteGlobalIDString = F8111E3E19A95C8B0040E7D1;
			remoteInfo = "Alamofire iOS Tests";
		};
		2A1F3866215255B200E94738 /* PBXContainerItemProxy */ = {
			isa = PBXContainerItemProxy;
			containerPortal = 2A1F3857215255B100E94738 /* Alamofire.xcodeproj */;
			proxyType = 2;
			remoteGlobalIDString = 4DD67C0B1A5C55C900ED2280;
			remoteInfo = "Alamofire macOS";
		};
		2A1F3868215255B200E94738 /* PBXContainerItemProxy */ = {
			isa = PBXContainerItemProxy;
			containerPortal = 2A1F3857215255B100E94738 /* Alamofire.xcodeproj */;
			proxyType = 2;
			remoteGlobalIDString = F829C6B21A7A94F100A2CD59;
			remoteInfo = "Alamofire macOS Tests";
		};
		2A1F386A215255B200E94738 /* PBXContainerItemProxy */ = {
			isa = PBXContainerItemProxy;
			containerPortal = 2A1F3857215255B100E94738 /* Alamofire.xcodeproj */;
			proxyType = 2;
			remoteGlobalIDString = 4CF626EF1BA7CB3E0011A099;
			remoteInfo = "Alamofire tvOS";
		};
		2A1F386C215255B200E94738 /* PBXContainerItemProxy */ = {
			isa = PBXContainerItemProxy;
			containerPortal = 2A1F3857215255B100E94738 /* Alamofire.xcodeproj */;
			proxyType = 2;
			remoteGlobalIDString = 4CF626F81BA7CB3E0011A099;
			remoteInfo = "Alamofire tvOS Tests";
		};
		2A1F386E215255B200E94738 /* PBXContainerItemProxy */ = {
			isa = PBXContainerItemProxy;
			containerPortal = 2A1F3857215255B100E94738 /* Alamofire.xcodeproj */;
			proxyType = 2;
			remoteGlobalIDString = E4202FE01B667AA100C997FB;
			remoteInfo = "Alamofire watchOS";
		};
		2A1F3888215255C200E94738 /* PBXContainerItemProxy */ = {
			isa = PBXContainerItemProxy;
			containerPortal = 2A1F3870215255C200E94738 /* Rx.xcodeproj */;
			proxyType = 2;
			remoteGlobalIDString = C8A56AD71AD7424700B4673B;
			remoteInfo = "RxSwift-iOS";
		};
		2A1F388A215255C200E94738 /* PBXContainerItemProxy */ = {
			isa = PBXContainerItemProxy;
			containerPortal = 2A1F3870215255C200E94738 /* Rx.xcodeproj */;
			proxyType = 2;
			remoteGlobalIDString = C88BB8711B07E5ED0064D411;
			remoteInfo = "RxSwift-macOS";
		};
		2A1F388C215255C200E94738 /* PBXContainerItemProxy */ = {
			isa = PBXContainerItemProxy;
			containerPortal = 2A1F3870215255C200E94738 /* Rx.xcodeproj */;
			proxyType = 2;
			remoteGlobalIDString = D2EA280C1BB9B5A200880ED3;
			remoteInfo = "RxSwift-tvOS";
		};
		2A1F388E215255C200E94738 /* PBXContainerItemProxy */ = {
			isa = PBXContainerItemProxy;
			containerPortal = 2A1F3870215255C200E94738 /* Rx.xcodeproj */;
			proxyType = 2;
			remoteGlobalIDString = C8F0C0021BBBFB8B001B112F;
			remoteInfo = "RxSwift-watchOS";
		};
		2A1F3890215255C200E94738 /* PBXContainerItemProxy */ = {
			isa = PBXContainerItemProxy;
			containerPortal = 2A1F3870215255C200E94738 /* Rx.xcodeproj */;
			proxyType = 2;
			remoteGlobalIDString = C809396D1B8A71760088E94D;
			remoteInfo = "RxCocoa-iOS";
		};
		2A1F3892215255C200E94738 /* PBXContainerItemProxy */ = {
			isa = PBXContainerItemProxy;
			containerPortal = 2A1F3870215255C200E94738 /* Rx.xcodeproj */;
			proxyType = 2;
			remoteGlobalIDString = C80939E71B8A71840088E94D;
			remoteInfo = "RxCocoa-macOS";
		};
		2A1F3894215255C200E94738 /* PBXContainerItemProxy */ = {
			isa = PBXContainerItemProxy;
			containerPortal = 2A1F3870215255C200E94738 /* Rx.xcodeproj */;
			proxyType = 2;
			remoteGlobalIDString = D2138C751BB9BE9800339B5C;
			remoteInfo = "RxCocoa-tvOS";
		};
		2A1F3896215255C200E94738 /* PBXContainerItemProxy */ = {
			isa = PBXContainerItemProxy;
			containerPortal = 2A1F3870215255C200E94738 /* Rx.xcodeproj */;
			proxyType = 2;
			remoteGlobalIDString = C8F0C04B1BBBFBB9001B112F;
			remoteInfo = "RxCocoa-watchOS";
		};
		2A1F3898215255C200E94738 /* PBXContainerItemProxy */ = {
			isa = PBXContainerItemProxy;
			containerPortal = 2A1F3870215255C200E94738 /* Rx.xcodeproj */;
			proxyType = 2;
			remoteGlobalIDString = C8093BC71B8A71F00088E94D;
			remoteInfo = "RxBlocking-iOS";
		};
		2A1F389A215255C200E94738 /* PBXContainerItemProxy */ = {
			isa = PBXContainerItemProxy;
			containerPortal = 2A1F3870215255C200E94738 /* Rx.xcodeproj */;
			proxyType = 2;
			remoteGlobalIDString = C8093C451B8A71FC0088E94D;
			remoteInfo = "RxBlocking-macOS";
		};
		2A1F389C215255C200E94738 /* PBXContainerItemProxy */ = {
			isa = PBXContainerItemProxy;
			containerPortal = 2A1F3870215255C200E94738 /* Rx.xcodeproj */;
			proxyType = 2;
			remoteGlobalIDString = D2EBEB811BB9B99D003A27DC;
			remoteInfo = "RxBlocking-tvOS";
		};
		2A1F389E215255C200E94738 /* PBXContainerItemProxy */ = {
			isa = PBXContainerItemProxy;
			containerPortal = 2A1F3870215255C200E94738 /* Rx.xcodeproj */;
			proxyType = 2;
			remoteGlobalIDString = C8F0C0581BBBFBCE001B112F;
			remoteInfo = "RxBlocking-watchOS";
		};
		2A1F38A0215255C200E94738 /* PBXContainerItemProxy */ = {
			isa = PBXContainerItemProxy;
			containerPortal = 2A1F3870215255C200E94738 /* Rx.xcodeproj */;
			proxyType = 2;
			remoteGlobalIDString = C88FA50C1C25C44800CCFEA4;
			remoteInfo = "RxTest-iOS";
		};
		2A1F38A2215255C200E94738 /* PBXContainerItemProxy */ = {
			isa = PBXContainerItemProxy;
			containerPortal = 2A1F3870215255C200E94738 /* Rx.xcodeproj */;
			proxyType = 2;
			remoteGlobalIDString = C88FA51D1C25C4B500CCFEA4;
			remoteInfo = "RxTest-macOS";
		};
		2A1F38A4215255C200E94738 /* PBXContainerItemProxy */ = {
			isa = PBXContainerItemProxy;
			containerPortal = 2A1F3870215255C200E94738 /* Rx.xcodeproj */;
			proxyType = 2;
			remoteGlobalIDString = C88FA52E1C25C4C000CCFEA4;
			remoteInfo = "RxTest-tvOS";
		};
		2A1F38A6215255C200E94738 /* PBXContainerItemProxy */ = {
			isa = PBXContainerItemProxy;
			containerPortal = 2A1F3870215255C200E94738 /* Rx.xcodeproj */;
			proxyType = 2;
			remoteGlobalIDString = C88FA53F1C25C4CC00CCFEA4;
			remoteInfo = "RxTest-watchOS";
		};
		2A1F38A8215255C200E94738 /* PBXContainerItemProxy */ = {
			isa = PBXContainerItemProxy;
			containerPortal = 2A1F3870215255C200E94738 /* Rx.xcodeproj */;
			proxyType = 2;
			remoteGlobalIDString = C83508C31C386F6F0027C24C;
			remoteInfo = "AllTests-iOS";
		};
		2A1F38AA215255C200E94738 /* PBXContainerItemProxy */ = {
			isa = PBXContainerItemProxy;
			containerPortal = 2A1F3870215255C200E94738 /* Rx.xcodeproj */;
			proxyType = 2;
			remoteGlobalIDString = C83509841C38740E0027C24C;
			remoteInfo = "AllTests-tvOS";
		};
		2A1F38AC215255C200E94738 /* PBXContainerItemProxy */ = {
			isa = PBXContainerItemProxy;
			containerPortal = 2A1F3870215255C200E94738 /* Rx.xcodeproj */;
			proxyType = 2;
			remoteGlobalIDString = C83509941C38742C0027C24C;
			remoteInfo = "AllTests-macOS";
		};
		2A1F38AE215255C200E94738 /* PBXContainerItemProxy */ = {
			isa = PBXContainerItemProxy;
			containerPortal = 2A1F3870215255C200E94738 /* Rx.xcodeproj */;
			proxyType = 2;
			remoteGlobalIDString = C85BA04B1C3878740075D68E;
			remoteInfo = Microoptimizations;
		};
		2A1F38B0215255C200E94738 /* PBXContainerItemProxy */ = {
			isa = PBXContainerItemProxy;
			containerPortal = 2A1F3870215255C200E94738 /* Rx.xcodeproj */;
			proxyType = 2;
			remoteGlobalIDString = C8E8BA551E2C181A00A4AC2C;
			remoteInfo = Benchmarks;
		};
		2A1F38E02152568B00E94738 /* PBXContainerItemProxy */ = {
			isa = PBXContainerItemProxy;
			containerPortal = 2A1F383F2152553600E94738 /* Project object */;
			proxyType = 1;
			remoteGlobalIDString = 2A1F38B6215255EE00E94738;
			remoteInfo = "RidiOAuth2-iOS";
		};
		2A1F38EF215256A100E94738 /* PBXContainerItemProxy */ = {
			isa = PBXContainerItemProxy;
			containerPortal = 2A1F383F2152553600E94738 /* Project object */;
			proxyType = 1;
			remoteGlobalIDString = 2A1F38C32152561A00E94738;
			remoteInfo = "RidiOAuth2-macOS";
		};
/* End PBXContainerItemProxy section */

/* Begin PBXFileReference section */
		2A0D2B872153963300E5C6AD /* URLHook.swift */ = {isa = PBXFileReference; fileEncoding = 4; lastKnownFileType = sourcecode.swift; name = URLHook.swift; path = Frameworks/Hippolyte/Hippolyte/URLHook.swift; sourceTree = "<group>"; };
		2A0D2B882153963300E5C6AD /* HTTPClientHook.swift */ = {isa = PBXFileReference; fileEncoding = 4; lastKnownFileType = sourcecode.swift; name = HTTPClientHook.swift; path = Frameworks/Hippolyte/Hippolyte/HTTPClientHook.swift; sourceTree = "<group>"; };
		2A0D2B892153963300E5C6AD /* StubRequest.swift */ = {isa = PBXFileReference; fileEncoding = 4; lastKnownFileType = sourcecode.swift; name = StubRequest.swift; path = Frameworks/Hippolyte/Hippolyte/StubRequest.swift; sourceTree = "<group>"; };
		2A0D2B8A2153963300E5C6AD /* HTTPStubURLProtocol.swift */ = {isa = PBXFileReference; fileEncoding = 4; lastKnownFileType = sourcecode.swift; name = HTTPStubURLProtocol.swift; path = Frameworks/Hippolyte/Hippolyte/HTTPStubURLProtocol.swift; sourceTree = "<group>"; };
		2A0D2B8B2153963300E5C6AD /* StubResponse.swift */ = {isa = PBXFileReference; fileEncoding = 4; lastKnownFileType = sourcecode.swift; name = StubResponse.swift; path = Frameworks/Hippolyte/Hippolyte/StubResponse.swift; sourceTree = "<group>"; };
		2A0D2B8C2153963300E5C6AD /* Hippolyte.swift */ = {isa = PBXFileReference; fileEncoding = 4; lastKnownFileType = sourcecode.swift; name = Hippolyte.swift; path = Frameworks/Hippolyte/Hippolyte/Hippolyte.swift; sourceTree = "<group>"; };
		2A0D2B8D2153963300E5C6AD /* Matcher.swift */ = {isa = PBXFileReference; fileEncoding = 4; lastKnownFileType = sourcecode.swift; name = Matcher.swift; path = Frameworks/Hippolyte/Hippolyte/Matcher.swift; sourceTree = "<group>"; };
		2A0D2B8E2153963300E5C6AD /* URLSessionHook.swift */ = {isa = PBXFileReference; fileEncoding = 4; lastKnownFileType = sourcecode.swift; name = URLSessionHook.swift; path = Frameworks/Hippolyte/Hippolyte/URLSessionHook.swift; sourceTree = "<group>"; };
		2A0D2B8F2153963400E5C6AD /* URL+HippolyteAdditions.swift */ = {isa = PBXFileReference; fileEncoding = 4; lastKnownFileType = sourcecode.swift; name = "URL+HippolyteAdditions.swift"; path = "Frameworks/Hippolyte/Hippolyte/URL+HippolyteAdditions.swift"; sourceTree = "<group>"; };
		2A0D2B902153963400E5C6AD /* HTTPRequest.swift */ = {isa = PBXFileReference; fileEncoding = 4; lastKnownFileType = sourcecode.swift; name = HTTPRequest.swift; path = Frameworks/Hippolyte/Hippolyte/HTTPRequest.swift; sourceTree = "<group>"; };
		2A0D702D2153C0C600178DA3 /* NSErrorExtension.swift */ = {isa = PBXFileReference; lastKnownFileType = sourcecode.swift; path = NSErrorExtension.swift; sourceTree = "<group>"; };
		2A0D70322153C15D00178DA3 /* HTTPCookieExtension.swift */ = {isa = PBXFileReference; lastKnownFileType = sourcecode.swift; path = HTTPCookieExtension.swift; sourceTree = "<group>"; };
		2A1F384B2152553600E94738 /* RidiOAuth2.h */ = {isa = PBXFileReference; lastKnownFileType = sourcecode.c.h; path = RidiOAuth2.h; sourceTree = "<group>"; };
		2A1F384C2152553600E94738 /* Info.plist */ = {isa = PBXFileReference; lastKnownFileType = text.plist.xml; path = Info.plist; sourceTree = "<group>"; };
		2A1F38532152559600E94738 /* TokenPair.swift */ = {isa = PBXFileReference; lastKnownFileType = sourcecode.swift; path = TokenPair.swift; sourceTree = "<group>"; };
		2A1F38542152559600E94738 /* Authorization.swift */ = {isa = PBXFileReference; lastKnownFileType = sourcecode.swift; path = Authorization.swift; sourceTree = "<group>"; };
		2A1F38552152559600E94738 /* Api.swift */ = {isa = PBXFileReference; lastKnownFileType = sourcecode.swift; path = Api.swift; sourceTree = "<group>"; };
		2A1F3857215255B100E94738 /* Alamofire.xcodeproj */ = {isa = PBXFileReference; lastKnownFileType = "wrapper.pb-project"; name = Alamofire.xcodeproj; path = Frameworks/Alamofire/Alamofire.xcodeproj; sourceTree = "<group>"; };
		2A1F3870215255C200E94738 /* Rx.xcodeproj */ = {isa = PBXFileReference; lastKnownFileType = "wrapper.pb-project"; name = Rx.xcodeproj; path = Frameworks/RxSwift/Rx.xcodeproj; sourceTree = "<group>"; };
		2A1F38B7215255EE00E94738 /* RidiOAuth2_iOS.framework */ = {isa = PBXFileReference; explicitFileType = wrapper.framework; includeInIndex = 0; path = RidiOAuth2_iOS.framework; sourceTree = BUILT_PRODUCTS_DIR; };
		2A1F38C42152561A00E94738 /* RidiOAuth2_macOS.framework */ = {isa = PBXFileReference; explicitFileType = wrapper.framework; includeInIndex = 0; path = RidiOAuth2_macOS.framework; sourceTree = BUILT_PRODUCTS_DIR; };
		2A1F38DA2152568B00E94738 /* RidiOAuth2Tests-iOS.xctest */ = {isa = PBXFileReference; explicitFileType = wrapper.cfbundle; includeInIndex = 0; path = "RidiOAuth2Tests-iOS.xctest"; sourceTree = BUILT_PRODUCTS_DIR; };
		2A1F38E9215256A100E94738 /* RidiOAuth2Tests-macOS.xctest */ = {isa = PBXFileReference; explicitFileType = wrapper.cfbundle; includeInIndex = 0; path = "RidiOAuth2Tests-macOS.xctest"; sourceTree = BUILT_PRODUCTS_DIR; };
		2A1F38F7215257EC00E94738 /* RidiOAuth2Tests.swift */ = {isa = PBXFileReference; fileEncoding = 4; lastKnownFileType = sourcecode.swift; path = RidiOAuth2Tests.swift; sourceTree = "<group>"; };
		2A1F38F8215257EC00E94738 /* Info.plist */ = {isa = PBXFileReference; fileEncoding = 4; lastKnownFileType = text.plist.xml; path = Info.plist; sourceTree = "<group>"; };
/* End PBXFileReference section */

/* Begin PBXFrameworksBuildPhase section */
		2A1F38B4215255EE00E94738 /* Frameworks */ = {
			isa = PBXFrameworksBuildPhase;
			buildActionMask = 2147483647;
			files = (
				2A1F38CC2152563A00E94738 /* Alamofire.framework in Frameworks */,
				2A1F38CD2152563A00E94738 /* RxSwift.framework in Frameworks */,
			);
			runOnlyForDeploymentPostprocessing = 0;
		};
		2A1F38C12152561A00E94738 /* Frameworks */ = {
			isa = PBXFrameworksBuildPhase;
			buildActionMask = 2147483647;
			files = (
				2A1F38CE2152564500E94738 /* Alamofire.framework in Frameworks */,
				2A1F38CF2152564500E94738 /* RxSwift.framework in Frameworks */,
			);
			runOnlyForDeploymentPostprocessing = 0;
		};
		2A1F38D72152568B00E94738 /* Frameworks */ = {
			isa = PBXFrameworksBuildPhase;
			buildActionMask = 2147483647;
			files = (
				2A1F38DF2152568B00E94738 /* RidiOAuth2_iOS.framework in Frameworks */,
			);
			runOnlyForDeploymentPostprocessing = 0;
		};
		2A1F38E6215256A100E94738 /* Frameworks */ = {
			isa = PBXFrameworksBuildPhase;
			buildActionMask = 2147483647;
			files = (
				2A1F38EE215256A100E94738 /* RidiOAuth2_macOS.framework in Frameworks */,
			);
			runOnlyForDeploymentPostprocessing = 0;
		};
/* End PBXFrameworksBuildPhase section */

/* Begin PBXGroup section */
		2A0D2B862153962900E5C6AD /* Hippolyte */ = {
			isa = PBXGroup;
			children = (
				2A0D2B8C2153963300E5C6AD /* Hippolyte.swift */,
				2A0D2B882153963300E5C6AD /* HTTPClientHook.swift */,
				2A0D2B902153963400E5C6AD /* HTTPRequest.swift */,
				2A0D2B8A2153963300E5C6AD /* HTTPStubURLProtocol.swift */,
				2A0D2B8D2153963300E5C6AD /* Matcher.swift */,
				2A0D2B892153963300E5C6AD /* StubRequest.swift */,
				2A0D2B8B2153963300E5C6AD /* StubResponse.swift */,
				2A0D2B8F2153963400E5C6AD /* URL+HippolyteAdditions.swift */,
				2A0D2B872153963300E5C6AD /* URLHook.swift */,
				2A0D2B8E2153963300E5C6AD /* URLSessionHook.swift */,
			);
			name = Hippolyte;
			sourceTree = "<group>";
		};
		2A1F383E2152553600E94738 = {
			isa = PBXGroup;
			children = (
				2A1F384A2152553600E94738 /* RidiOAuth2 */,
				2A1F38F6215257EC00E94738 /* RidiOAuth2Tests */,
				2A1F38492152553600E94738 /* Products */,
				2A1F3856215255A200E94738 /* Frameworks */,
			);
			sourceTree = "<group>";
		};
		2A1F38492152553600E94738 /* Products */ = {
			isa = PBXGroup;
			children = (
				2A1F38B7215255EE00E94738 /* RidiOAuth2_iOS.framework */,
				2A1F38C42152561A00E94738 /* RidiOAuth2_macOS.framework */,
				2A1F38DA2152568B00E94738 /* RidiOAuth2Tests-iOS.xctest */,
				2A1F38E9215256A100E94738 /* RidiOAuth2Tests-macOS.xctest */,
			);
			name = Products;
			sourceTree = "<group>";
		};
		2A1F384A2152553600E94738 /* RidiOAuth2 */ = {
			isa = PBXGroup;
			children = (
				2A1F384B2152553600E94738 /* RidiOAuth2.h */,
				2A1F384C2152553600E94738 /* Info.plist */,
				2A1F38552152559600E94738 /* Api.swift */,
				2A1F38542152559600E94738 /* Authorization.swift */,
				2A0D70322153C15D00178DA3 /* HTTPCookieExtension.swift */,
				2A0D702D2153C0C600178DA3 /* NSErrorExtension.swift */,
				2A1F38532152559600E94738 /* TokenPair.swift */,
			);
			path = RidiOAuth2;
			sourceTree = "<group>";
		};
		2A1F3856215255A200E94738 /* Frameworks */ = {
			isa = PBXGroup;
			children = (
				2A0D2B862153962900E5C6AD /* Hippolyte */,
				2A1F3857215255B100E94738 /* Alamofire.xcodeproj */,
				2A1F3870215255C200E94738 /* Rx.xcodeproj */,
			);
			name = Frameworks;
			sourceTree = "<group>";
		};
		2A1F3858215255B100E94738 /* Products */ = {
			isa = PBXGroup;
			children = (
				2A1F3863215255B200E94738 /* Alamofire.framework */,
				2A1F3865215255B200E94738 /* Alamofire iOS Tests.xctest */,
				2A1F3867215255B200E94738 /* Alamofire.framework */,
				2A1F3869215255B200E94738 /* Alamofire macOS Tests.xctest */,
				2A1F386B215255B200E94738 /* Alamofire.framework */,
				2A1F386D215255B200E94738 /* Alamofire tvOS Tests.xctest */,
				2A1F386F215255B200E94738 /* Alamofire.framework */,
			);
			name = Products;
			sourceTree = "<group>";
		};
		2A1F3871215255C200E94738 /* Products */ = {
			isa = PBXGroup;
			children = (
				2A1F3889215255C200E94738 /* RxSwift.framework */,
				2A1F388B215255C200E94738 /* RxSwift.framework */,
				2A1F388D215255C200E94738 /* RxSwift.framework */,
				2A1F388F215255C200E94738 /* RxSwift.framework */,
				2A1F3891215255C200E94738 /* RxCocoa.framework */,
				2A1F3893215255C200E94738 /* RxCocoa.framework */,
				2A1F3895215255C200E94738 /* RxCocoa.framework */,
				2A1F3897215255C200E94738 /* RxCocoa.framework */,
				2A1F3899215255C200E94738 /* RxBlocking.framework */,
				2A1F389B215255C200E94738 /* RxBlocking.framework */,
				2A1F389D215255C200E94738 /* RxBlocking.framework */,
				2A1F389F215255C200E94738 /* RxBlocking.framework */,
				2A1F38A1215255C200E94738 /* RxTest.framework */,
				2A1F38A3215255C200E94738 /* RxTest.framework */,
				2A1F38A5215255C200E94738 /* RxTest.framework */,
				2A1F38A7215255C200E94738 /* RxTest.framework */,
				2A1F38A9215255C200E94738 /* AllTests-iOS.xctest */,
				2A1F38AB215255C200E94738 /* AllTests-tvOS.xctest */,
				2A1F38AD215255C200E94738 /* AllTests-macOS.xctest */,
				2A1F38AF215255C200E94738 /* PerformanceTests.app */,
				2A1F38B1215255C200E94738 /* Benchmarks.xctest */,
			);
			name = Products;
			sourceTree = "<group>";
		};
		2A1F38F6215257EC00E94738 /* RidiOAuth2Tests */ = {
			isa = PBXGroup;
			children = (
				2A1F38F7215257EC00E94738 /* RidiOAuth2Tests.swift */,
				2A1F38F8215257EC00E94738 /* Info.plist */,
			);
			path = RidiOAuth2Tests;
			sourceTree = "<group>";
		};
/* End PBXGroup section */

/* Begin PBXHeadersBuildPhase section */
		2A1F38B2215255EE00E94738 /* Headers */ = {
			isa = PBXHeadersBuildPhase;
			buildActionMask = 2147483647;
			files = (
				2A1F39282152588700E94738 /* RidiOAuth2.h in Headers */,
			);
			runOnlyForDeploymentPostprocessing = 0;
		};
		2A1F38BF2152561A00E94738 /* Headers */ = {
			isa = PBXHeadersBuildPhase;
			buildActionMask = 2147483647;
			files = (
				2A1F39292152588800E94738 /* RidiOAuth2.h in Headers */,
			);
			runOnlyForDeploymentPostprocessing = 0;
		};
/* End PBXHeadersBuildPhase section */

/* Begin PBXNativeTarget section */
		2A1F38B6215255EE00E94738 /* RidiOAuth2-iOS */ = {
			isa = PBXNativeTarget;
			buildConfigurationList = 2A1F38BC215255EE00E94738 /* Build configuration list for PBXNativeTarget "RidiOAuth2-iOS" */;
			buildPhases = (
				2A1F38B2215255EE00E94738 /* Headers */,
				2A1F38B3215255EE00E94738 /* Sources */,
				2A1F38B4215255EE00E94738 /* Frameworks */,
				2A1F38B5215255EE00E94738 /* Resources */,
			);
			buildRules = (
			);
			dependencies = (
			);
			name = "RidiOAuth2-iOS";
			productName = "RidiOAuth2-iOS";
			productReference = 2A1F38B7215255EE00E94738 /* RidiOAuth2_iOS.framework */;
			productType = "com.apple.product-type.framework";
		};
		2A1F38C32152561A00E94738 /* RidiOAuth2-macOS */ = {
			isa = PBXNativeTarget;
			buildConfigurationList = 2A1F38C92152561A00E94738 /* Build configuration list for PBXNativeTarget "RidiOAuth2-macOS" */;
			buildPhases = (
				2A1F38BF2152561A00E94738 /* Headers */,
				2A1F38C02152561A00E94738 /* Sources */,
				2A1F38C12152561A00E94738 /* Frameworks */,
				2A1F38C22152561A00E94738 /* Resources */,
			);
			buildRules = (
			);
			dependencies = (
			);
			name = "RidiOAuth2-macOS";
			productName = "RidiOAuth2-macOS";
			productReference = 2A1F38C42152561A00E94738 /* RidiOAuth2_macOS.framework */;
			productType = "com.apple.product-type.framework";
		};
		2A1F38D92152568B00E94738 /* RidiOAuth2Tests-iOS */ = {
			isa = PBXNativeTarget;
			buildConfigurationList = 2A1F38E22152568B00E94738 /* Build configuration list for PBXNativeTarget "RidiOAuth2Tests-iOS" */;
			buildPhases = (
				2A1F38D62152568B00E94738 /* Sources */,
				2A1F38D72152568B00E94738 /* Frameworks */,
				2A1F38D82152568B00E94738 /* Resources */,
			);
			buildRules = (
			);
			dependencies = (
				2A1F38E12152568B00E94738 /* PBXTargetDependency */,
			);
			name = "RidiOAuth2Tests-iOS";
			productName = "RidiOAuth2Tests-iOS";
			productReference = 2A1F38DA2152568B00E94738 /* RidiOAuth2Tests-iOS.xctest */;
			productType = "com.apple.product-type.bundle.unit-test";
		};
		2A1F38E8215256A100E94738 /* RidiOAuth2Tests-macOS */ = {
			isa = PBXNativeTarget;
			buildConfigurationList = 2A1F38F1215256A100E94738 /* Build configuration list for PBXNativeTarget "RidiOAuth2Tests-macOS" */;
			buildPhases = (
				2A1F38E5215256A100E94738 /* Sources */,
				2A1F38E6215256A100E94738 /* Frameworks */,
				2A1F38E7215256A100E94738 /* Resources */,
			);
			buildRules = (
			);
			dependencies = (
				2A1F38F0215256A100E94738 /* PBXTargetDependency */,
			);
			name = "RidiOAuth2Tests-macOS";
			productName = "RidiOAuth2Tests-macOS";
			productReference = 2A1F38E9215256A100E94738 /* RidiOAuth2Tests-macOS.xctest */;
			productType = "com.apple.product-type.bundle.unit-test";
		};
/* End PBXNativeTarget section */

/* Begin PBXProject section */
		2A1F383F2152553600E94738 /* Project object */ = {
			isa = PBXProject;
			attributes = {
				LastSwiftUpdateCheck = 1000;
				LastUpgradeCheck = 1000;
				ORGANIZATIONNAME = "Davin Ahn";
				TargetAttributes = {
					2A1F38B6215255EE00E94738 = {
						CreatedOnToolsVersion = 10.0;
					};
					2A1F38C32152561A00E94738 = {
						CreatedOnToolsVersion = 10.0;
					};
					2A1F38D92152568B00E94738 = {
						CreatedOnToolsVersion = 10.0;
					};
					2A1F38E8215256A100E94738 = {
						CreatedOnToolsVersion = 10.0;
					};
				};
			};
			buildConfigurationList = 2A1F38422152553600E94738 /* Build configuration list for PBXProject "RidiOAuth2" */;
			compatibilityVersion = "Xcode 9.3";
			developmentRegion = en;
			hasScannedForEncodings = 0;
			knownRegions = (
				en,
			);
			mainGroup = 2A1F383E2152553600E94738;
			productRefGroup = 2A1F38492152553600E94738 /* Products */;
			projectDirPath = "";
			projectReferences = (
				{
					ProductGroup = 2A1F3858215255B100E94738 /* Products */;
					ProjectRef = 2A1F3857215255B100E94738 /* Alamofire.xcodeproj */;
				},
				{
					ProductGroup = 2A1F3871215255C200E94738 /* Products */;
					ProjectRef = 2A1F3870215255C200E94738 /* Rx.xcodeproj */;
				},
			);
			projectRoot = "";
			targets = (
				2A1F38B6215255EE00E94738 /* RidiOAuth2-iOS */,
				2A1F38D92152568B00E94738 /* RidiOAuth2Tests-iOS */,
				2A1F38C32152561A00E94738 /* RidiOAuth2-macOS */,
				2A1F38E8215256A100E94738 /* RidiOAuth2Tests-macOS */,
			);
		};
/* End PBXProject section */

/* Begin PBXReferenceProxy section */
		2A1F3863215255B200E94738 /* Alamofire.framework */ = {
			isa = PBXReferenceProxy;
			fileType = wrapper.framework;
			path = Alamofire.framework;
			remoteRef = 2A1F3862215255B200E94738 /* PBXContainerItemProxy */;
			sourceTree = BUILT_PRODUCTS_DIR;
		};
		2A1F3865215255B200E94738 /* Alamofire iOS Tests.xctest */ = {
			isa = PBXReferenceProxy;
			fileType = wrapper.cfbundle;
			path = "Alamofire iOS Tests.xctest";
			remoteRef = 2A1F3864215255B200E94738 /* PBXContainerItemProxy */;
			sourceTree = BUILT_PRODUCTS_DIR;
		};
		2A1F3867215255B200E94738 /* Alamofire.framework */ = {
			isa = PBXReferenceProxy;
			fileType = wrapper.framework;
			path = Alamofire.framework;
			remoteRef = 2A1F3866215255B200E94738 /* PBXContainerItemProxy */;
			sourceTree = BUILT_PRODUCTS_DIR;
		};
		2A1F3869215255B200E94738 /* Alamofire macOS Tests.xctest */ = {
			isa = PBXReferenceProxy;
			fileType = wrapper.cfbundle;
			path = "Alamofire macOS Tests.xctest";
			remoteRef = 2A1F3868215255B200E94738 /* PBXContainerItemProxy */;
			sourceTree = BUILT_PRODUCTS_DIR;
		};
		2A1F386B215255B200E94738 /* Alamofire.framework */ = {
			isa = PBXReferenceProxy;
			fileType = wrapper.framework;
			path = Alamofire.framework;
			remoteRef = 2A1F386A215255B200E94738 /* PBXContainerItemProxy */;
			sourceTree = BUILT_PRODUCTS_DIR;
		};
		2A1F386D215255B200E94738 /* Alamofire tvOS Tests.xctest */ = {
			isa = PBXReferenceProxy;
			fileType = wrapper.cfbundle;
			path = "Alamofire tvOS Tests.xctest";
			remoteRef = 2A1F386C215255B200E94738 /* PBXContainerItemProxy */;
			sourceTree = BUILT_PRODUCTS_DIR;
		};
		2A1F386F215255B200E94738 /* Alamofire.framework */ = {
			isa = PBXReferenceProxy;
			fileType = wrapper.framework;
			path = Alamofire.framework;
			remoteRef = 2A1F386E215255B200E94738 /* PBXContainerItemProxy */;
			sourceTree = BUILT_PRODUCTS_DIR;
		};
		2A1F3889215255C200E94738 /* RxSwift.framework */ = {
			isa = PBXReferenceProxy;
			fileType = wrapper.framework;
			path = RxSwift.framework;
			remoteRef = 2A1F3888215255C200E94738 /* PBXContainerItemProxy */;
			sourceTree = BUILT_PRODUCTS_DIR;
		};
		2A1F388B215255C200E94738 /* RxSwift.framework */ = {
			isa = PBXReferenceProxy;
			fileType = wrapper.framework;
			path = RxSwift.framework;
			remoteRef = 2A1F388A215255C200E94738 /* PBXContainerItemProxy */;
			sourceTree = BUILT_PRODUCTS_DIR;
		};
		2A1F388D215255C200E94738 /* RxSwift.framework */ = {
			isa = PBXReferenceProxy;
			fileType = wrapper.framework;
			path = RxSwift.framework;
			remoteRef = 2A1F388C215255C200E94738 /* PBXContainerItemProxy */;
			sourceTree = BUILT_PRODUCTS_DIR;
		};
		2A1F388F215255C200E94738 /* RxSwift.framework */ = {
			isa = PBXReferenceProxy;
			fileType = wrapper.framework;
			path = RxSwift.framework;
			remoteRef = 2A1F388E215255C200E94738 /* PBXContainerItemProxy */;
			sourceTree = BUILT_PRODUCTS_DIR;
		};
		2A1F3891215255C200E94738 /* RxCocoa.framework */ = {
			isa = PBXReferenceProxy;
			fileType = wrapper.framework;
			path = RxCocoa.framework;
			remoteRef = 2A1F3890215255C200E94738 /* PBXContainerItemProxy */;
			sourceTree = BUILT_PRODUCTS_DIR;
		};
		2A1F3893215255C200E94738 /* RxCocoa.framework */ = {
			isa = PBXReferenceProxy;
			fileType = wrapper.framework;
			path = RxCocoa.framework;
			remoteRef = 2A1F3892215255C200E94738 /* PBXContainerItemProxy */;
			sourceTree = BUILT_PRODUCTS_DIR;
		};
		2A1F3895215255C200E94738 /* RxCocoa.framework */ = {
			isa = PBXReferenceProxy;
			fileType = wrapper.framework;
			path = RxCocoa.framework;
			remoteRef = 2A1F3894215255C200E94738 /* PBXContainerItemProxy */;
			sourceTree = BUILT_PRODUCTS_DIR;
		};
		2A1F3897215255C200E94738 /* RxCocoa.framework */ = {
			isa = PBXReferenceProxy;
			fileType = wrapper.framework;
			path = RxCocoa.framework;
			remoteRef = 2A1F3896215255C200E94738 /* PBXContainerItemProxy */;
			sourceTree = BUILT_PRODUCTS_DIR;
		};
		2A1F3899215255C200E94738 /* RxBlocking.framework */ = {
			isa = PBXReferenceProxy;
			fileType = wrapper.framework;
			path = RxBlocking.framework;
			remoteRef = 2A1F3898215255C200E94738 /* PBXContainerItemProxy */;
			sourceTree = BUILT_PRODUCTS_DIR;
		};
		2A1F389B215255C200E94738 /* RxBlocking.framework */ = {
			isa = PBXReferenceProxy;
			fileType = wrapper.framework;
			path = RxBlocking.framework;
			remoteRef = 2A1F389A215255C200E94738 /* PBXContainerItemProxy */;
			sourceTree = BUILT_PRODUCTS_DIR;
		};
		2A1F389D215255C200E94738 /* RxBlocking.framework */ = {
			isa = PBXReferenceProxy;
			fileType = wrapper.framework;
			path = RxBlocking.framework;
			remoteRef = 2A1F389C215255C200E94738 /* PBXContainerItemProxy */;
			sourceTree = BUILT_PRODUCTS_DIR;
		};
		2A1F389F215255C200E94738 /* RxBlocking.framework */ = {
			isa = PBXReferenceProxy;
			fileType = wrapper.framework;
			path = RxBlocking.framework;
			remoteRef = 2A1F389E215255C200E94738 /* PBXContainerItemProxy */;
			sourceTree = BUILT_PRODUCTS_DIR;
		};
		2A1F38A1215255C200E94738 /* RxTest.framework */ = {
			isa = PBXReferenceProxy;
			fileType = wrapper.framework;
			path = RxTest.framework;
			remoteRef = 2A1F38A0215255C200E94738 /* PBXContainerItemProxy */;
			sourceTree = BUILT_PRODUCTS_DIR;
		};
		2A1F38A3215255C200E94738 /* RxTest.framework */ = {
			isa = PBXReferenceProxy;
			fileType = wrapper.framework;
			path = RxTest.framework;
			remoteRef = 2A1F38A2215255C200E94738 /* PBXContainerItemProxy */;
			sourceTree = BUILT_PRODUCTS_DIR;
		};
		2A1F38A5215255C200E94738 /* RxTest.framework */ = {
			isa = PBXReferenceProxy;
			fileType = wrapper.framework;
			path = RxTest.framework;
			remoteRef = 2A1F38A4215255C200E94738 /* PBXContainerItemProxy */;
			sourceTree = BUILT_PRODUCTS_DIR;
		};
		2A1F38A7215255C200E94738 /* RxTest.framework */ = {
			isa = PBXReferenceProxy;
			fileType = wrapper.framework;
			path = RxTest.framework;
			remoteRef = 2A1F38A6215255C200E94738 /* PBXContainerItemProxy */;
			sourceTree = BUILT_PRODUCTS_DIR;
		};
		2A1F38A9215255C200E94738 /* AllTests-iOS.xctest */ = {
			isa = PBXReferenceProxy;
			fileType = wrapper.cfbundle;
			path = "AllTests-iOS.xctest";
			remoteRef = 2A1F38A8215255C200E94738 /* PBXContainerItemProxy */;
			sourceTree = BUILT_PRODUCTS_DIR;
		};
		2A1F38AB215255C200E94738 /* AllTests-tvOS.xctest */ = {
			isa = PBXReferenceProxy;
			fileType = wrapper.cfbundle;
			path = "AllTests-tvOS.xctest";
			remoteRef = 2A1F38AA215255C200E94738 /* PBXContainerItemProxy */;
			sourceTree = BUILT_PRODUCTS_DIR;
		};
		2A1F38AD215255C200E94738 /* AllTests-macOS.xctest */ = {
			isa = PBXReferenceProxy;
			fileType = wrapper.cfbundle;
			path = "AllTests-macOS.xctest";
			remoteRef = 2A1F38AC215255C200E94738 /* PBXContainerItemProxy */;
			sourceTree = BUILT_PRODUCTS_DIR;
		};
		2A1F38AF215255C200E94738 /* PerformanceTests.app */ = {
			isa = PBXReferenceProxy;
			fileType = wrapper.application;
			name = PerformanceTests.app;
			path = Microoptimizations.app;
			remoteRef = 2A1F38AE215255C200E94738 /* PBXContainerItemProxy */;
			sourceTree = BUILT_PRODUCTS_DIR;
		};
		2A1F38B1215255C200E94738 /* Benchmarks.xctest */ = {
			isa = PBXReferenceProxy;
			fileType = wrapper.cfbundle;
			path = Benchmarks.xctest;
			remoteRef = 2A1F38B0215255C200E94738 /* PBXContainerItemProxy */;
			sourceTree = BUILT_PRODUCTS_DIR;
		};
/* End PBXReferenceProxy section */

/* Begin PBXResourcesBuildPhase section */
		2A1F38B5215255EE00E94738 /* Resources */ = {
			isa = PBXResourcesBuildPhase;
			buildActionMask = 2147483647;
			files = (
			);
			runOnlyForDeploymentPostprocessing = 0;
		};
		2A1F38C22152561A00E94738 /* Resources */ = {
			isa = PBXResourcesBuildPhase;
			buildActionMask = 2147483647;
			files = (
			);
			runOnlyForDeploymentPostprocessing = 0;
		};
		2A1F38D82152568B00E94738 /* Resources */ = {
			isa = PBXResourcesBuildPhase;
			buildActionMask = 2147483647;
			files = (
			);
			runOnlyForDeploymentPostprocessing = 0;
		};
		2A1F38E7215256A100E94738 /* Resources */ = {
			isa = PBXResourcesBuildPhase;
			buildActionMask = 2147483647;
			files = (
			);
			runOnlyForDeploymentPostprocessing = 0;
		};
/* End PBXResourcesBuildPhase section */

/* Begin PBXSourcesBuildPhase section */
		2A1F38B3215255EE00E94738 /* Sources */ = {
			isa = PBXSourcesBuildPhase;
			buildActionMask = 2147483647;
			files = (
				2A1F391F2152588100E94738 /* Api.swift in Sources */,
				2A0D702E2153C0C600178DA3 /* NSErrorExtension.swift in Sources */,
				2A0D70332153C15D00178DA3 /* HTTPCookieExtension.swift in Sources */,
				2A1F39212152588100E94738 /* TokenPair.swift in Sources */,
				2A1F39202152588100E94738 /* Authorization.swift in Sources */,
			);
			runOnlyForDeploymentPostprocessing = 0;
		};
		2A1F38C02152561A00E94738 /* Sources */ = {
			isa = PBXSourcesBuildPhase;
			buildActionMask = 2147483647;
			files = (
				2A1F391C2152588000E94738 /* Api.swift in Sources */,
				2A0D70302153C0C600178DA3 /* NSErrorExtension.swift in Sources */,
				2A0D70352153C15D00178DA3 /* HTTPCookieExtension.swift in Sources */,
				2A1F391E2152588000E94738 /* TokenPair.swift in Sources */,
				2A1F391D2152588000E94738 /* Authorization.swift in Sources */,
			);
			runOnlyForDeploymentPostprocessing = 0;
		};
		2A1F38D62152568B00E94738 /* Sources */ = {
			isa = PBXSourcesBuildPhase;
			buildActionMask = 2147483647;
			files = (
				2A0D2B9F2153963400E5C6AD /* URLSessionHook.swift in Sources */,
				2A0D2BA12153963400E5C6AD /* URL+HippolyteAdditions.swift in Sources */,
				2A0D702F2153C0C600178DA3 /* NSErrorExtension.swift in Sources */,
				2A1F39232152588300E94738 /* Authorization.swift in Sources */,
				2A0D2B9D2153963400E5C6AD /* Matcher.swift in Sources */,
				2A0D2B912153963400E5C6AD /* URLHook.swift in Sources */,
				2A0D2B972153963400E5C6AD /* HTTPStubURLProtocol.swift in Sources */,
				2A0D2B992153963400E5C6AD /* StubResponse.swift in Sources */,
				2A0D2B952153963400E5C6AD /* StubRequest.swift in Sources */,
				2A1F39222152588300E94738 /* Api.swift in Sources */,
				2A0D2B9B2153963400E5C6AD /* Hippolyte.swift in Sources */,
				2A0D70342153C15D00178DA3 /* HTTPCookieExtension.swift in Sources */,
				2A1F38F9215257ED00E94738 /* RidiOAuth2Tests.swift in Sources */,
				2A0D2BA32153963400E5C6AD /* HTTPRequest.swift in Sources */,
				2A1F39242152588300E94738 /* TokenPair.swift in Sources */,
				2A0D2B932153963400E5C6AD /* HTTPClientHook.swift in Sources */,
			);
			runOnlyForDeploymentPostprocessing = 0;
		};
		2A1F38E5215256A100E94738 /* Sources */ = {
			isa = PBXSourcesBuildPhase;
			buildActionMask = 2147483647;
			files = (
				2A0D2BA02153963400E5C6AD /* URLSessionHook.swift in Sources */,
				2A0D2BA22153963400E5C6AD /* URL+HippolyteAdditions.swift in Sources */,
				2A0D70312153C0C600178DA3 /* NSErrorExtension.swift in Sources */,
				2A1F39262152588400E94738 /* Authorization.swift in Sources */,
				2A0D2B9E2153963400E5C6AD /* Matcher.swift in Sources */,
				2A0D2B922153963400E5C6AD /* URLHook.swift in Sources */,
				2A0D2B982153963400E5C6AD /* HTTPStubURLProtocol.swift in Sources */,
				2A0D2B9A2153963400E5C6AD /* StubResponse.swift in Sources */,
				2A0D2B962153963400E5C6AD /* StubRequest.swift in Sources */,
				2A1F39252152588400E94738 /* Api.swift in Sources */,
				2A0D2B9C2153963400E5C6AD /* Hippolyte.swift in Sources */,
				2A0D70362153C15D00178DA3 /* HTTPCookieExtension.swift in Sources */,
				2A1F38FA215257ED00E94738 /* RidiOAuth2Tests.swift in Sources */,
				2A0D2BA42153963400E5C6AD /* HTTPRequest.swift in Sources */,
				2A1F39272152588400E94738 /* TokenPair.swift in Sources */,
				2A0D2B942153963400E5C6AD /* HTTPClientHook.swift in Sources */,
			);
			runOnlyForDeploymentPostprocessing = 0;
		};
/* End PBXSourcesBuildPhase section */

/* Begin PBXTargetDependency section */
		2A1F38E12152568B00E94738 /* PBXTargetDependency */ = {
			isa = PBXTargetDependency;
			target = 2A1F38B6215255EE00E94738 /* RidiOAuth2-iOS */;
			targetProxy = 2A1F38E02152568B00E94738 /* PBXContainerItemProxy */;
		};
		2A1F38F0215256A100E94738 /* PBXTargetDependency */ = {
			isa = PBXTargetDependency;
			target = 2A1F38C32152561A00E94738 /* RidiOAuth2-macOS */;
			targetProxy = 2A1F38EF215256A100E94738 /* PBXContainerItemProxy */;
		};
/* End PBXTargetDependency section */

/* Begin XCBuildConfiguration section */
		2A1F384E2152553600E94738 /* Debug */ = {
			isa = XCBuildConfiguration;
			buildSettings = {
				ALWAYS_SEARCH_USER_PATHS = NO;
				CLANG_ANALYZER_NONNULL = YES;
				CLANG_ANALYZER_NUMBER_OBJECT_CONVERSION = YES_AGGRESSIVE;
				CLANG_CXX_LANGUAGE_STANDARD = "gnu++14";
				CLANG_CXX_LIBRARY = "libc++";
				CLANG_ENABLE_MODULES = YES;
				CLANG_ENABLE_OBJC_ARC = YES;
				CLANG_ENABLE_OBJC_WEAK = YES;
				CLANG_WARN_BLOCK_CAPTURE_AUTORELEASING = YES;
				CLANG_WARN_BOOL_CONVERSION = YES;
				CLANG_WARN_COMMA = YES;
				CLANG_WARN_CONSTANT_CONVERSION = YES;
				CLANG_WARN_DEPRECATED_OBJC_IMPLEMENTATIONS = YES;
				CLANG_WARN_DIRECT_OBJC_ISA_USAGE = YES_ERROR;
				CLANG_WARN_DOCUMENTATION_COMMENTS = YES;
				CLANG_WARN_EMPTY_BODY = YES;
				CLANG_WARN_ENUM_CONVERSION = YES;
				CLANG_WARN_INFINITE_RECURSION = YES;
				CLANG_WARN_INT_CONVERSION = YES;
				CLANG_WARN_NON_LITERAL_NULL_CONVERSION = YES;
				CLANG_WARN_OBJC_IMPLICIT_RETAIN_SELF = YES;
				CLANG_WARN_OBJC_LITERAL_CONVERSION = YES;
				CLANG_WARN_OBJC_ROOT_CLASS = YES_ERROR;
				CLANG_WARN_RANGE_LOOP_ANALYSIS = YES;
				CLANG_WARN_STRICT_PROTOTYPES = YES;
				CLANG_WARN_SUSPICIOUS_MOVE = YES;
				CLANG_WARN_UNGUARDED_AVAILABILITY = YES_AGGRESSIVE;
				CLANG_WARN_UNREACHABLE_CODE = YES;
				CLANG_WARN__DUPLICATE_METHOD_MATCH = YES;
				CODE_SIGN_IDENTITY = "iPhone Developer";
				COPY_PHASE_STRIP = NO;
				CURRENT_PROJECT_VERSION = 1;
				DEBUG_INFORMATION_FORMAT = dwarf;
				ENABLE_STRICT_OBJC_MSGSEND = YES;
				ENABLE_TESTABILITY = YES;
				GCC_C_LANGUAGE_STANDARD = gnu11;
				GCC_DYNAMIC_NO_PIC = NO;
				GCC_NO_COMMON_BLOCKS = YES;
				GCC_OPTIMIZATION_LEVEL = 0;
				GCC_PREPROCESSOR_DEFINITIONS = (
					"DEBUG=1",
					"$(inherited)",
				);
				GCC_WARN_64_TO_32_BIT_CONVERSION = YES;
				GCC_WARN_ABOUT_RETURN_TYPE = YES_ERROR;
				GCC_WARN_UNDECLARED_SELECTOR = YES;
				GCC_WARN_UNINITIALIZED_AUTOS = YES_AGGRESSIVE;
				GCC_WARN_UNUSED_FUNCTION = YES;
				GCC_WARN_UNUSED_VARIABLE = YES;
				IPHONEOS_DEPLOYMENT_TARGET = 9.0;
				MACOSX_DEPLOYMENT_TARGET = 10.10;
				MTL_ENABLE_DEBUG_INFO = INCLUDE_SOURCE;
				MTL_FAST_MATH = YES;
				ONLY_ACTIVE_ARCH = YES;
				OTHER_SWIFT_FLAGS = "-DTEST";
				SDKROOT = iphoneos;
				SWIFT_ACTIVE_COMPILATION_CONDITIONS = DEBUG;
				SWIFT_OPTIMIZATION_LEVEL = "-Onone";
				SWIFT_VERSION = 3.0;
				VERSIONING_SYSTEM = "apple-generic";
				VERSION_INFO_PREFIX = "";
			};
			name = Debug;
		};
		2A1F384F2152553600E94738 /* Release */ = {
			isa = XCBuildConfiguration;
			buildSettings = {
				ALWAYS_SEARCH_USER_PATHS = NO;
				CLANG_ANALYZER_NONNULL = YES;
				CLANG_ANALYZER_NUMBER_OBJECT_CONVERSION = YES_AGGRESSIVE;
				CLANG_CXX_LANGUAGE_STANDARD = "gnu++14";
				CLANG_CXX_LIBRARY = "libc++";
				CLANG_ENABLE_MODULES = YES;
				CLANG_ENABLE_OBJC_ARC = YES;
				CLANG_ENABLE_OBJC_WEAK = YES;
				CLANG_WARN_BLOCK_CAPTURE_AUTORELEASING = YES;
				CLANG_WARN_BOOL_CONVERSION = YES;
				CLANG_WARN_COMMA = YES;
				CLANG_WARN_CONSTANT_CONVERSION = YES;
				CLANG_WARN_DEPRECATED_OBJC_IMPLEMENTATIONS = YES;
				CLANG_WARN_DIRECT_OBJC_ISA_USAGE = YES_ERROR;
				CLANG_WARN_DOCUMENTATION_COMMENTS = YES;
				CLANG_WARN_EMPTY_BODY = YES;
				CLANG_WARN_ENUM_CONVERSION = YES;
				CLANG_WARN_INFINITE_RECURSION = YES;
				CLANG_WARN_INT_CONVERSION = YES;
				CLANG_WARN_NON_LITERAL_NULL_CONVERSION = YES;
				CLANG_WARN_OBJC_IMPLICIT_RETAIN_SELF = YES;
				CLANG_WARN_OBJC_LITERAL_CONVERSION = YES;
				CLANG_WARN_OBJC_ROOT_CLASS = YES_ERROR;
				CLANG_WARN_RANGE_LOOP_ANALYSIS = YES;
				CLANG_WARN_STRICT_PROTOTYPES = YES;
				CLANG_WARN_SUSPICIOUS_MOVE = YES;
				CLANG_WARN_UNGUARDED_AVAILABILITY = YES_AGGRESSIVE;
				CLANG_WARN_UNREACHABLE_CODE = YES;
				CLANG_WARN__DUPLICATE_METHOD_MATCH = YES;
				CODE_SIGN_IDENTITY = "iPhone Developer";
				COPY_PHASE_STRIP = NO;
				CURRENT_PROJECT_VERSION = 1;
				DEBUG_INFORMATION_FORMAT = "dwarf-with-dsym";
				ENABLE_NS_ASSERTIONS = NO;
				ENABLE_STRICT_OBJC_MSGSEND = YES;
				GCC_C_LANGUAGE_STANDARD = gnu11;
				GCC_NO_COMMON_BLOCKS = YES;
				GCC_WARN_64_TO_32_BIT_CONVERSION = YES;
				GCC_WARN_ABOUT_RETURN_TYPE = YES_ERROR;
				GCC_WARN_UNDECLARED_SELECTOR = YES;
				GCC_WARN_UNINITIALIZED_AUTOS = YES_AGGRESSIVE;
				GCC_WARN_UNUSED_FUNCTION = YES;
				GCC_WARN_UNUSED_VARIABLE = YES;
				IPHONEOS_DEPLOYMENT_TARGET = 9.0;
				MACOSX_DEPLOYMENT_TARGET = 10.10;
				MTL_ENABLE_DEBUG_INFO = NO;
				MTL_FAST_MATH = YES;
				SDKROOT = iphoneos;
				SWIFT_COMPILATION_MODE = wholemodule;
				SWIFT_OPTIMIZATION_LEVEL = "-O";
				SWIFT_VERSION = 3.0;
				VALIDATE_PRODUCT = YES;
				VERSIONING_SYSTEM = "apple-generic";
				VERSION_INFO_PREFIX = "";
			};
			name = Release;
		};
		2A1F38BD215255EE00E94738 /* Debug */ = {
			isa = XCBuildConfiguration;
			buildSettings = {
				CODE_SIGN_IDENTITY = "";
				CODE_SIGN_STYLE = Automatic;
				DEFINES_MODULE = YES;
				DYLIB_COMPATIBILITY_VERSION = 1;
				DYLIB_CURRENT_VERSION = 1;
				DYLIB_INSTALL_NAME_BASE = "@rpath";
				INFOPLIST_FILE = RidiOAuth2/Info.plist;
				INSTALL_PATH = "$(LOCAL_LIBRARY_DIR)/Frameworks";
				LD_RUNPATH_SEARCH_PATHS = (
					"$(inherited)",
					"@executable_path/Frameworks",
					"@loader_path/Frameworks",
				);
				OTHER_SWIFT_FLAGS = "-DTEST";
				PRODUCT_BUNDLE_IDENTIFIER = "com.ridi.RidiOAuth2-iOS";
				PRODUCT_NAME = "$(TARGET_NAME:c99extidentifier)";
				SKIP_INSTALL = YES;
				SWIFT_VERSION = 3.0;
				TARGETED_DEVICE_FAMILY = "1,2";
			};
			name = Debug;
		};
		2A1F38BE215255EE00E94738 /* Release */ = {
			isa = XCBuildConfiguration;
			buildSettings = {
				CODE_SIGN_IDENTITY = "";
				CODE_SIGN_STYLE = Automatic;
				DEFINES_MODULE = YES;
				DYLIB_COMPATIBILITY_VERSION = 1;
				DYLIB_CURRENT_VERSION = 1;
				DYLIB_INSTALL_NAME_BASE = "@rpath";
				INFOPLIST_FILE = RidiOAuth2/Info.plist;
				INSTALL_PATH = "$(LOCAL_LIBRARY_DIR)/Frameworks";
				LD_RUNPATH_SEARCH_PATHS = (
					"$(inherited)",
					"@executable_path/Frameworks",
					"@loader_path/Frameworks",
				);
				PRODUCT_BUNDLE_IDENTIFIER = "com.ridi.RidiOAuth2-iOS";
				PRODUCT_NAME = "$(TARGET_NAME:c99extidentifier)";
				SKIP_INSTALL = YES;
				SWIFT_VERSION = 3.0;
				TARGETED_DEVICE_FAMILY = "1,2";
			};
			name = Release;
		};
		2A1F38CA2152561A00E94738 /* Debug */ = {
			isa = XCBuildConfiguration;
			buildSettings = {
				CODE_SIGN_IDENTITY = "-";
				CODE_SIGN_STYLE = Automatic;
				COMBINE_HIDPI_IMAGES = YES;
				DEFINES_MODULE = YES;
				DYLIB_COMPATIBILITY_VERSION = 1;
				DYLIB_CURRENT_VERSION = 1;
				DYLIB_INSTALL_NAME_BASE = "@rpath";
				FRAMEWORK_VERSION = A;
				INFOPLIST_FILE = RidiOAuth2/Info.plist;
				INSTALL_PATH = "$(LOCAL_LIBRARY_DIR)/Frameworks";
				LD_RUNPATH_SEARCH_PATHS = (
					"$(inherited)",
					"@executable_path/../Frameworks",
					"@loader_path/Frameworks",
				);
				MACOSX_DEPLOYMENT_TARGET = 10.14;
				OTHER_SWIFT_FLAGS = "-DTEST";
				PRODUCT_BUNDLE_IDENTIFIER = "com.ridi.RidiOAuth2-macOS";
				PRODUCT_NAME = "$(TARGET_NAME:c99extidentifier)";
				SDKROOT = macosx;
				SKIP_INSTALL = YES;
				SWIFT_VERSION = 3.0;
			};
			name = Debug;
		};
		2A1F38CB2152561A00E94738 /* Release */ = {
			isa = XCBuildConfiguration;
			buildSettings = {
				CODE_SIGN_IDENTITY = "-";
				CODE_SIGN_STYLE = Automatic;
				COMBINE_HIDPI_IMAGES = YES;
				DEFINES_MODULE = YES;
				DYLIB_COMPATIBILITY_VERSION = 1;
				DYLIB_CURRENT_VERSION = 1;
				DYLIB_INSTALL_NAME_BASE = "@rpath";
				FRAMEWORK_VERSION = A;
				INFOPLIST_FILE = RidiOAuth2/Info.plist;
				INSTALL_PATH = "$(LOCAL_LIBRARY_DIR)/Frameworks";
				LD_RUNPATH_SEARCH_PATHS = (
					"$(inherited)",
					"@executable_path/../Frameworks",
					"@loader_path/Frameworks",
				);
				MACOSX_DEPLOYMENT_TARGET = 10.14;
				PRODUCT_BUNDLE_IDENTIFIER = "com.ridi.RidiOAuth2-macOS";
				PRODUCT_NAME = "$(TARGET_NAME:c99extidentifier)";
				SDKROOT = macosx;
				SKIP_INSTALL = YES;
				SWIFT_VERSION = 3.0;
			};
			name = Release;
		};
		2A1F38E32152568B00E94738 /* Debug */ = {
			isa = XCBuildConfiguration;
			buildSettings = {
				ALWAYS_EMBED_SWIFT_STANDARD_LIBRARIES = YES;
				CODE_SIGN_STYLE = Automatic;
				INFOPLIST_FILE = RidiOAuth2Tests/Info.plist;
				IPHONEOS_DEPLOYMENT_TARGET = 12.0;
				LD_RUNPATH_SEARCH_PATHS = (
					"$(inherited)",
					"@executable_path/Frameworks",
					"@loader_path/Frameworks",
				);
				OTHER_SWIFT_FLAGS = "-DTEST";
				PRODUCT_BUNDLE_IDENTIFIER = "com.ridi.RidiOAuth2Tests-iOS";
				PRODUCT_NAME = "$(TARGET_NAME)";
				SWIFT_VERSION = 3.0;
				TARGETED_DEVICE_FAMILY = "1,2";
			};
			name = Debug;
		};
		2A1F38E42152568B00E94738 /* Release */ = {
			isa = XCBuildConfiguration;
			buildSettings = {
				ALWAYS_EMBED_SWIFT_STANDARD_LIBRARIES = YES;
				CODE_SIGN_STYLE = Automatic;
				INFOPLIST_FILE = RidiOAuth2Tests/Info.plist;
				IPHONEOS_DEPLOYMENT_TARGET = 12.0;
				LD_RUNPATH_SEARCH_PATHS = (
					"$(inherited)",
					"@executable_path/Frameworks",
					"@loader_path/Frameworks",
				);
				PRODUCT_BUNDLE_IDENTIFIER = "com.ridi.RidiOAuth2Tests-iOS";
				PRODUCT_NAME = "$(TARGET_NAME)";
				SWIFT_VERSION = 3.0;
				TARGETED_DEVICE_FAMILY = "1,2";
			};
			name = Release;
		};
		2A1F38F2215256A100E94738 /* Debug */ = {
			isa = XCBuildConfiguration;
			buildSettings = {
				ALWAYS_EMBED_SWIFT_STANDARD_LIBRARIES = YES;
				CODE_SIGN_IDENTITY = "-";
				CODE_SIGN_STYLE = Automatic;
				COMBINE_HIDPI_IMAGES = YES;
				INFOPLIST_FILE = RidiOAuth2Tests/Info.plist;
				LD_RUNPATH_SEARCH_PATHS = (
					"$(inherited)",
					"@executable_path/../Frameworks",
					"@loader_path/../Frameworks",
				);
				MACOSX_DEPLOYMENT_TARGET = 10.14;
				OTHER_SWIFT_FLAGS = "-DTEST";
				PRODUCT_BUNDLE_IDENTIFIER = "com.ridi.RidiOAuth2Tests-macOS";
				PRODUCT_NAME = "$(TARGET_NAME)";
				SDKROOT = macosx;
				SWIFT_VERSION = 3.0;
			};
			name = Debug;
		};
		2A1F38F3215256A100E94738 /* Release */ = {
			isa = XCBuildConfiguration;
			buildSettings = {
				ALWAYS_EMBED_SWIFT_STANDARD_LIBRARIES = YES;
				CODE_SIGN_IDENTITY = "-";
				CODE_SIGN_STYLE = Automatic;
				COMBINE_HIDPI_IMAGES = YES;
				INFOPLIST_FILE = RidiOAuth2Tests/Info.plist;
				LD_RUNPATH_SEARCH_PATHS = (
					"$(inherited)",
					"@executable_path/../Frameworks",
					"@loader_path/../Frameworks",
				);
				MACOSX_DEPLOYMENT_TARGET = 10.14;
				PRODUCT_BUNDLE_IDENTIFIER = "com.ridi.RidiOAuth2Tests-macOS";
				PRODUCT_NAME = "$(TARGET_NAME)";
				SDKROOT = macosx;
				SWIFT_VERSION = 3.0;
			};
			name = Release;
		};
/* End XCBuildConfiguration section */

/* Begin XCConfigurationList section */
		2A1F38422152553600E94738 /* Build configuration list for PBXProject "RidiOAuth2" */ = {
			isa = XCConfigurationList;
			buildConfigurations = (
				2A1F384E2152553600E94738 /* Debug */,
				2A1F384F2152553600E94738 /* Release */,
			);
			defaultConfigurationIsVisible = 0;
			defaultConfigurationName = Release;
		};
		2A1F38BC215255EE00E94738 /* Build configuration list for PBXNativeTarget "RidiOAuth2-iOS" */ = {
			isa = XCConfigurationList;
			buildConfigurations = (
				2A1F38BD215255EE00E94738 /* Debug */,
				2A1F38BE215255EE00E94738 /* Release */,
			);
			defaultConfigurationIsVisible = 0;
			defaultConfigurationName = Release;
		};
		2A1F38C92152561A00E94738 /* Build configuration list for PBXNativeTarget "RidiOAuth2-macOS" */ = {
			isa = XCConfigurationList;
			buildConfigurations = (
				2A1F38CA2152561A00E94738 /* Debug */,
				2A1F38CB2152561A00E94738 /* Release */,
			);
			defaultConfigurationIsVisible = 0;
			defaultConfigurationName = Release;
		};
		2A1F38E22152568B00E94738 /* Build configuration list for PBXNativeTarget "RidiOAuth2Tests-iOS" */ = {
			isa = XCConfigurationList;
			buildConfigurations = (
				2A1F38E32152568B00E94738 /* Debug */,
				2A1F38E42152568B00E94738 /* Release */,
			);
			defaultConfigurationIsVisible = 0;
			defaultConfigurationName = Release;
		};
		2A1F38F1215256A100E94738 /* Build configuration list for PBXNativeTarget "RidiOAuth2Tests-macOS" */ = {
			isa = XCConfigurationList;
			buildConfigurations = (
				2A1F38F2215256A100E94738 /* Debug */,
				2A1F38F3215256A100E94738 /* Release */,
			);
			defaultConfigurationIsVisible = 0;
			defaultConfigurationName = Release;
		};
/* End XCConfigurationList section */
	};
	rootObject = 2A1F383F2152553600E94738 /* Project object */;
}
