// !$*UTF8*$!
{
	archiveVersion = 1;
	classes = {
	};
	objectVersion = 46;
	objects = {

/* Begin PBXBuildFile section */
		2A84132A2150C8C80065D73C /* Global.swift in Sources */ = {isa = PBXBuildFile; fileRef = 2A8413292150C8C80065D73C /* Global.swift */; };
		2A84132B2150C8C80065D73C /* Global.swift in Sources */ = {isa = PBXBuildFile; fileRef = 2A8413292150C8C80065D73C /* Global.swift */; };
		2AA840FD2150E102003A85B5 /* WebViewController.swift in Sources */ = {isa = PBXBuildFile; fileRef = 2AA840FC2150E102003A85B5 /* WebViewController.swift */; };
		2AB5AE63214BA07D002A2804 /* WebViewController.swift in Sources */ = {isa = PBXBuildFile; fileRef = 2AB5AE62214BA07D002A2804 /* WebViewController.swift */; };
		4D6E3E8B3BDD2D2A1C489CC0 /* Pods_RidiOAuth2_Demo_iOS.framework in Frameworks */ = {isa = PBXBuildFile; fileRef = 08F750C65E9FDE4E80C9B091 /* Pods_RidiOAuth2_Demo_iOS.framework */; };
		8394D7C51F7CF3140078A45B /* AppDelegate.swift in Sources */ = {isa = PBXBuildFile; fileRef = 8394D7C41F7CF3140078A45B /* AppDelegate.swift */; };
		8394D7C71F7CF3140078A45B /* ViewController.swift in Sources */ = {isa = PBXBuildFile; fileRef = 8394D7C61F7CF3140078A45B /* ViewController.swift */; };
		8394D7CA1F7CF3140078A45B /* Main.storyboard in Resources */ = {isa = PBXBuildFile; fileRef = 8394D7C81F7CF3140078A45B /* Main.storyboard */; };
		8394D7CC1F7CF3140078A45B /* Assets.xcassets in Resources */ = {isa = PBXBuildFile; fileRef = 8394D7CB1F7CF3140078A45B /* Assets.xcassets */; };
		8394D7CF1F7CF3140078A45B /* LaunchScreen.storyboard in Resources */ = {isa = PBXBuildFile; fileRef = 8394D7CD1F7CF3140078A45B /* LaunchScreen.storyboard */; };
		8394D7E01F7DD4030078A45B /* AppDelegate.swift in Sources */ = {isa = PBXBuildFile; fileRef = 8394D7DF1F7DD4030078A45B /* AppDelegate.swift */; };
		8394D7E21F7DD4030078A45B /* ViewController.swift in Sources */ = {isa = PBXBuildFile; fileRef = 8394D7E11F7DD4030078A45B /* ViewController.swift */; };
		8394D7E41F7DD4030078A45B /* Assets.xcassets in Resources */ = {isa = PBXBuildFile; fileRef = 8394D7E31F7DD4030078A45B /* Assets.xcassets */; };
		8394D7E71F7DD4030078A45B /* Main.storyboard in Resources */ = {isa = PBXBuildFile; fileRef = 8394D7E51F7DD4030078A45B /* Main.storyboard */; };
		BFB455A1A9DE9759339246FD /* Pods_RidiOAuth2_Demo_macOS.framework in Frameworks */ = {isa = PBXBuildFile; fileRef = 906A1B539EAE49D46D748EB3 /* Pods_RidiOAuth2_Demo_macOS.framework */; };
/* End PBXBuildFile section */

/* Begin PBXFileReference section */
		08F750C65E9FDE4E80C9B091 /* Pods_RidiOAuth2_Demo_iOS.framework */ = {isa = PBXFileReference; explicitFileType = wrapper.framework; includeInIndex = 0; path = Pods_RidiOAuth2_Demo_iOS.framework; sourceTree = BUILT_PRODUCTS_DIR; };
		237A53D7EEA6ECE625085471 /* Pods-RidiOAuth2-Demo-tvOS.debug.xcconfig */ = {isa = PBXFileReference; includeInIndex = 1; lastKnownFileType = text.xcconfig; name = "Pods-RidiOAuth2-Demo-tvOS.debug.xcconfig"; path = "Pods/Target Support Files/Pods-RidiOAuth2-Demo-tvOS/Pods-RidiOAuth2-Demo-tvOS.debug.xcconfig"; sourceTree = "<group>"; };
		2A8413292150C8C80065D73C /* Global.swift */ = {isa = PBXFileReference; fileEncoding = 4; lastKnownFileType = sourcecode.swift; path = Global.swift; sourceTree = "<group>"; };
		2AA840FC2150E102003A85B5 /* WebViewController.swift */ = {isa = PBXFileReference; lastKnownFileType = sourcecode.swift; path = WebViewController.swift; sourceTree = "<group>"; };
		2AB5AE62214BA07D002A2804 /* WebViewController.swift */ = {isa = PBXFileReference; lastKnownFileType = sourcecode.swift; path = WebViewController.swift; sourceTree = "<group>"; };
		3410C8F4A3BF96B5598073D8 /* Pods_RidiOAuth2_Demo_tvOS.framework */ = {isa = PBXFileReference; explicitFileType = wrapper.framework; includeInIndex = 0; path = Pods_RidiOAuth2_Demo_tvOS.framework; sourceTree = BUILT_PRODUCTS_DIR; };
		66EAE116C90E2E6E1B887FE4 /* Pods-RidiOAuth2-Demo-iOS.debug.xcconfig */ = {isa = PBXFileReference; includeInIndex = 1; lastKnownFileType = text.xcconfig; name = "Pods-RidiOAuth2-Demo-iOS.debug.xcconfig"; path = "Pods/Target Support Files/Pods-RidiOAuth2-Demo-iOS/Pods-RidiOAuth2-Demo-iOS.debug.xcconfig"; sourceTree = "<group>"; };
		7498D67E51F619CD26542CDD /* Pods-RidiOAuth2-Demo-tvOS.release.xcconfig */ = {isa = PBXFileReference; includeInIndex = 1; lastKnownFileType = text.xcconfig; name = "Pods-RidiOAuth2-Demo-tvOS.release.xcconfig"; path = "Pods/Target Support Files/Pods-RidiOAuth2-Demo-tvOS/Pods-RidiOAuth2-Demo-tvOS.release.xcconfig"; sourceTree = "<group>"; };
		786D4109FFE1984746BF94B5 /* Pods-RidiOAuth2-Demo-iOS.release.xcconfig */ = {isa = PBXFileReference; includeInIndex = 1; lastKnownFileType = text.xcconfig; name = "Pods-RidiOAuth2-Demo-iOS.release.xcconfig"; path = "Pods/Target Support Files/Pods-RidiOAuth2-Demo-iOS/Pods-RidiOAuth2-Demo-iOS.release.xcconfig"; sourceTree = "<group>"; };
		8394D7C11F7CF3140078A45B /* RidiOAuth2-Demo-iOS.app */ = {isa = PBXFileReference; explicitFileType = wrapper.application; includeInIndex = 0; path = "RidiOAuth2-Demo-iOS.app"; sourceTree = BUILT_PRODUCTS_DIR; };
		8394D7C41F7CF3140078A45B /* AppDelegate.swift */ = {isa = PBXFileReference; lastKnownFileType = sourcecode.swift; path = AppDelegate.swift; sourceTree = "<group>"; };
		8394D7C61F7CF3140078A45B /* ViewController.swift */ = {isa = PBXFileReference; lastKnownFileType = sourcecode.swift; path = ViewController.swift; sourceTree = "<group>"; };
		8394D7C91F7CF3140078A45B /* Base */ = {isa = PBXFileReference; lastKnownFileType = file.storyboard; name = Base; path = Base.lproj/Main.storyboard; sourceTree = "<group>"; };
		8394D7CB1F7CF3140078A45B /* Assets.xcassets */ = {isa = PBXFileReference; lastKnownFileType = folder.assetcatalog; path = Assets.xcassets; sourceTree = "<group>"; };
		8394D7CE1F7CF3140078A45B /* Base */ = {isa = PBXFileReference; lastKnownFileType = file.storyboard; name = Base; path = Base.lproj/LaunchScreen.storyboard; sourceTree = "<group>"; };
		8394D7D01F7CF3140078A45B /* Info.plist */ = {isa = PBXFileReference; lastKnownFileType = text.plist.xml; path = Info.plist; sourceTree = "<group>"; };
		8394D7DD1F7DD4030078A45B /* RidiOAuth2-Demo-macOS.app */ = {isa = PBXFileReference; explicitFileType = wrapper.application; includeInIndex = 0; path = "RidiOAuth2-Demo-macOS.app"; sourceTree = BUILT_PRODUCTS_DIR; };
		8394D7DF1F7DD4030078A45B /* AppDelegate.swift */ = {isa = PBXFileReference; lastKnownFileType = sourcecode.swift; path = AppDelegate.swift; sourceTree = "<group>"; };
		8394D7E11F7DD4030078A45B /* ViewController.swift */ = {isa = PBXFileReference; lastKnownFileType = sourcecode.swift; path = ViewController.swift; sourceTree = "<group>"; };
		8394D7E31F7DD4030078A45B /* Assets.xcassets */ = {isa = PBXFileReference; lastKnownFileType = folder.assetcatalog; path = Assets.xcassets; sourceTree = "<group>"; };
		8394D7E61F7DD4030078A45B /* Base */ = {isa = PBXFileReference; lastKnownFileType = file.storyboard; name = Base; path = Base.lproj/Main.storyboard; sourceTree = "<group>"; };
		8394D7E81F7DD4030078A45B /* Info.plist */ = {isa = PBXFileReference; lastKnownFileType = text.plist.xml; path = Info.plist; sourceTree = "<group>"; };
		8AC8C14CB5F66F1FE209DC73 /* Pods-RidiOAuth2-Demo-macOS.release.xcconfig */ = {isa = PBXFileReference; includeInIndex = 1; lastKnownFileType = text.xcconfig; name = "Pods-RidiOAuth2-Demo-macOS.release.xcconfig"; path = "Pods/Target Support Files/Pods-RidiOAuth2-Demo-macOS/Pods-RidiOAuth2-Demo-macOS.release.xcconfig"; sourceTree = "<group>"; };
		906A1B539EAE49D46D748EB3 /* Pods_RidiOAuth2_Demo_macOS.framework */ = {isa = PBXFileReference; explicitFileType = wrapper.framework; includeInIndex = 0; path = Pods_RidiOAuth2_Demo_macOS.framework; sourceTree = BUILT_PRODUCTS_DIR; };
		DED254A1DDBE10CAEF77E0EA /* Pods-RidiOAuth2-Demo-macOS.debug.xcconfig */ = {isa = PBXFileReference; includeInIndex = 1; lastKnownFileType = text.xcconfig; name = "Pods-RidiOAuth2-Demo-macOS.debug.xcconfig"; path = "Pods/Target Support Files/Pods-RidiOAuth2-Demo-macOS/Pods-RidiOAuth2-Demo-macOS.debug.xcconfig"; sourceTree = "<group>"; };
/* End PBXFileReference section */

/* Begin PBXFrameworksBuildPhase section */
		8394D7BE1F7CF3140078A45B /* Frameworks */ = {
			isa = PBXFrameworksBuildPhase;
			buildActionMask = 2147483647;
			files = (
				4D6E3E8B3BDD2D2A1C489CC0 /* Pods_RidiOAuth2_Demo_iOS.framework in Frameworks */,
			);
			runOnlyForDeploymentPostprocessing = 0;
		};
		8394D7DA1F7DD4030078A45B /* Frameworks */ = {
			isa = PBXFrameworksBuildPhase;
			buildActionMask = 2147483647;
			files = (
				BFB455A1A9DE9759339246FD /* Pods_RidiOAuth2_Demo_macOS.framework in Frameworks */,
			);
			runOnlyForDeploymentPostprocessing = 0;
		};
/* End PBXFrameworksBuildPhase section */

/* Begin PBXGroup section */
		3EB44B9FA7E80DE11D80E05A /* Frameworks */ = {
			isa = PBXGroup;
			children = (
				08F750C65E9FDE4E80C9B091 /* Pods_RidiOAuth2_Demo_iOS.framework */,
				906A1B539EAE49D46D748EB3 /* Pods_RidiOAuth2_Demo_macOS.framework */,
				3410C8F4A3BF96B5598073D8 /* Pods_RidiOAuth2_Demo_tvOS.framework */,
			);
			name = Frameworks;
			sourceTree = "<group>";
		};
		7C4368790ADE0D39CEAD5FA9 /* Pods */ = {
			isa = PBXGroup;
			children = (
				66EAE116C90E2E6E1B887FE4 /* Pods-RidiOAuth2-Demo-iOS.debug.xcconfig */,
				786D4109FFE1984746BF94B5 /* Pods-RidiOAuth2-Demo-iOS.release.xcconfig */,
				DED254A1DDBE10CAEF77E0EA /* Pods-RidiOAuth2-Demo-macOS.debug.xcconfig */,
				8AC8C14CB5F66F1FE209DC73 /* Pods-RidiOAuth2-Demo-macOS.release.xcconfig */,
				237A53D7EEA6ECE625085471 /* Pods-RidiOAuth2-Demo-tvOS.debug.xcconfig */,
				7498D67E51F619CD26542CDD /* Pods-RidiOAuth2-Demo-tvOS.release.xcconfig */,
			);
			name = Pods;
			sourceTree = "<group>";
		};
		8394D7B81F7CF3140078A45B = {
			isa = PBXGroup;
			children = (
				2A8413292150C8C80065D73C /* Global.swift */,
				8394D7C31F7CF3140078A45B /* RidiOAuth2-Demo-iOS */,
				8394D7DE1F7DD4030078A45B /* RidiOAuth2-Demo-macOS */,
				8394D7C21F7CF3140078A45B /* Products */,
				7C4368790ADE0D39CEAD5FA9 /* Pods */,
				3EB44B9FA7E80DE11D80E05A /* Frameworks */,
			);
			sourceTree = "<group>";
		};
		8394D7C21F7CF3140078A45B /* Products */ = {
			isa = PBXGroup;
			children = (
				8394D7C11F7CF3140078A45B /* RidiOAuth2-Demo-iOS.app */,
				8394D7DD1F7DD4030078A45B /* RidiOAuth2-Demo-macOS.app */,
			);
			name = Products;
			sourceTree = "<group>";
		};
		8394D7C31F7CF3140078A45B /* RidiOAuth2-Demo-iOS */ = {
			isa = PBXGroup;
			children = (
				8394D7C41F7CF3140078A45B /* AppDelegate.swift */,
				8394D7C61F7CF3140078A45B /* ViewController.swift */,
				2AB5AE62214BA07D002A2804 /* WebViewController.swift */,
				8394D7C81F7CF3140078A45B /* Main.storyboard */,
				8394D7CB1F7CF3140078A45B /* Assets.xcassets */,
				8394D7CD1F7CF3140078A45B /* LaunchScreen.storyboard */,
				8394D7D01F7CF3140078A45B /* Info.plist */,
			);
			path = "RidiOAuth2-Demo-iOS";
			sourceTree = "<group>";
		};
		8394D7DE1F7DD4030078A45B /* RidiOAuth2-Demo-macOS */ = {
			isa = PBXGroup;
			children = (
				8394D7DF1F7DD4030078A45B /* AppDelegate.swift */,
				8394D7E11F7DD4030078A45B /* ViewController.swift */,
				2AA840FC2150E102003A85B5 /* WebViewController.swift */,
				8394D7E31F7DD4030078A45B /* Assets.xcassets */,
				8394D7E51F7DD4030078A45B /* Main.storyboard */,
				8394D7E81F7DD4030078A45B /* Info.plist */,
			);
			path = "RidiOAuth2-Demo-macOS";
			sourceTree = "<group>";
		};
/* End PBXGroup section */

/* Begin PBXNativeTarget section */
		8394D7C01F7CF3140078A45B /* RidiOAuth2-Demo-iOS */ = {
			isa = PBXNativeTarget;
			buildConfigurationList = 8394D7D31F7CF3140078A45B /* Build configuration list for PBXNativeTarget "RidiOAuth2-Demo-iOS" */;
			buildPhases = (
				3EDE3B6850CFDC0426D8F21D /* [CP] Check Pods Manifest.lock */,
				8394D7D81F7D00440078A45B /* SwiftLint Script */,
				8394D7BD1F7CF3140078A45B /* Sources */,
				8394D7BE1F7CF3140078A45B /* Frameworks */,
				8394D7BF1F7CF3140078A45B /* Resources */,
				AE19FF81F3286D70FBFDEA6A /* [CP] Embed Pods Frameworks */,
			);
			buildRules = (
			);
			dependencies = (
			);
			name = "RidiOAuth2-Demo-iOS";
			productName = "RidiOAuth2-Demo-iOS";
			productReference = 8394D7C11F7CF3140078A45B /* RidiOAuth2-Demo-iOS.app */;
			productType = "com.apple.product-type.application";
		};
		8394D7DC1F7DD4030078A45B /* RidiOAuth2-Demo-macOS */ = {
			isa = PBXNativeTarget;
			buildConfigurationList = 8394D7EB1F7DD4030078A45B /* Build configuration list for PBXNativeTarget "RidiOAuth2-Demo-macOS" */;
			buildPhases = (
				E2E1478970EB80BDDE33D3EA /* [CP] Check Pods Manifest.lock */,
				8394D7D91F7DD4030078A45B /* Sources */,
				8394D7DA1F7DD4030078A45B /* Frameworks */,
				8394D7DB1F7DD4030078A45B /* Resources */,
				4C122482F5C5713BD0C2B5E9 /* [CP] Embed Pods Frameworks */,
			);
			buildRules = (
			);
			dependencies = (
			);
			name = "RidiOAuth2-Demo-macOS";
			productName = "RidiOAuth2-Demo-macOS";
			productReference = 8394D7DD1F7DD4030078A45B /* RidiOAuth2-Demo-macOS.app */;
			productType = "com.apple.product-type.application";
		};
/* End PBXNativeTarget section */

/* Begin PBXProject section */
		8394D7B91F7CF3140078A45B /* Project object */ = {
			isa = PBXProject;
			attributes = {
				LastSwiftUpdateCheck = 0830;
				LastUpgradeCheck = 1010;
				ORGANIZATIONNAME = "Davin Ahn";
				TargetAttributes = {
					8394D7C01F7CF3140078A45B = {
						CreatedOnToolsVersion = 8.3.2;
						ProvisioningStyle = Automatic;
					};
					8394D7DC1F7DD4030078A45B = {
						CreatedOnToolsVersion = 8.3.2;
						ProvisioningStyle = Automatic;
					};
				};
			};
			buildConfigurationList = 8394D7BC1F7CF3140078A45B /* Build configuration list for PBXProject "RidiOAuth2-Demo" */;
			compatibilityVersion = "Xcode 3.2";
			developmentRegion = English;
			hasScannedForEncodings = 0;
			knownRegions = (
				en,
				Base,
			);
			mainGroup = 8394D7B81F7CF3140078A45B;
			productRefGroup = 8394D7C21F7CF3140078A45B /* Products */;
			projectDirPath = "";
			projectRoot = "";
			targets = (
				8394D7C01F7CF3140078A45B /* RidiOAuth2-Demo-iOS */,
				8394D7DC1F7DD4030078A45B /* RidiOAuth2-Demo-macOS */,
			);
		};
/* End PBXProject section */

/* Begin PBXResourcesBuildPhase section */
		8394D7BF1F7CF3140078A45B /* Resources */ = {
			isa = PBXResourcesBuildPhase;
			buildActionMask = 2147483647;
			files = (
				8394D7CF1F7CF3140078A45B /* LaunchScreen.storyboard in Resources */,
				8394D7CC1F7CF3140078A45B /* Assets.xcassets in Resources */,
				8394D7CA1F7CF3140078A45B /* Main.storyboard in Resources */,
			);
			runOnlyForDeploymentPostprocessing = 0;
		};
		8394D7DB1F7DD4030078A45B /* Resources */ = {
			isa = PBXResourcesBuildPhase;
			buildActionMask = 2147483647;
			files = (
				8394D7E41F7DD4030078A45B /* Assets.xcassets in Resources */,
				8394D7E71F7DD4030078A45B /* Main.storyboard in Resources */,
			);
			runOnlyForDeploymentPostprocessing = 0;
		};
/* End PBXResourcesBuildPhase section */

/* Begin PBXShellScriptBuildPhase section */
		3EDE3B6850CFDC0426D8F21D /* [CP] Check Pods Manifest.lock */ = {
			isa = PBXShellScriptBuildPhase;
			buildActionMask = 2147483647;
			files = (
			);
			inputPaths = (
				"${PODS_PODFILE_DIR_PATH}/Podfile.lock",
				"${PODS_ROOT}/Manifest.lock",
			);
			name = "[CP] Check Pods Manifest.lock";
			outputPaths = (
				"$(DERIVED_FILE_DIR)/Pods-RidiOAuth2-Demo-iOS-checkManifestLockResult.txt",
			);
			runOnlyForDeploymentPostprocessing = 0;
			shellPath = /bin/sh;
			shellScript = "diff \"${PODS_PODFILE_DIR_PATH}/Podfile.lock\" \"${PODS_ROOT}/Manifest.lock\" > /dev/null\nif [ $? != 0 ] ; then\n    # print error to STDERR\n    echo \"error: The sandbox is not in sync with the Podfile.lock. Run 'pod install' or update your CocoaPods installation.\" >&2\n    exit 1\nfi\n# This output is used by Xcode 'outputs' to avoid re-running this script phase.\necho \"SUCCESS\" > \"${SCRIPT_OUTPUT_FILE_0}\"\n";
			showEnvVarsInLog = 0;
		};
		4C122482F5C5713BD0C2B5E9 /* [CP] Embed Pods Frameworks */ = {
			isa = PBXShellScriptBuildPhase;
			buildActionMask = 2147483647;
			files = (
			);
			inputPaths = (
				"${PODS_ROOT}/Target Support Files/Pods-RidiOAuth2-Demo-macOS/Pods-RidiOAuth2-Demo-macOS-frameworks.sh",
				"${BUILT_PRODUCTS_DIR}/Alamofire-macOS/Alamofire.framework",
				"${BUILT_PRODUCTS_DIR}/JWTDecode-macOS/JWTDecode.framework",
				"${BUILT_PRODUCTS_DIR}/RidiOAuth2-macOS/RidiOAuth2.framework",
				"${BUILT_PRODUCTS_DIR}/RxSwift-macOS/RxSwift.framework",
			);
			name = "[CP] Embed Pods Frameworks";
			outputPaths = (
				"${TARGET_BUILD_DIR}/${FRAMEWORKS_FOLDER_PATH}/Alamofire.framework",
				"${TARGET_BUILD_DIR}/${FRAMEWORKS_FOLDER_PATH}/JWTDecode.framework",
				"${TARGET_BUILD_DIR}/${FRAMEWORKS_FOLDER_PATH}/RidiOAuth2.framework",
				"${TARGET_BUILD_DIR}/${FRAMEWORKS_FOLDER_PATH}/RxSwift.framework",
			);
			runOnlyForDeploymentPostprocessing = 0;
			shellPath = /bin/sh;
			shellScript = "\"${PODS_ROOT}/Target Support Files/Pods-RidiOAuth2-Demo-macOS/Pods-RidiOAuth2-Demo-macOS-frameworks.sh\"\n";
			showEnvVarsInLog = 0;
		};
		8394D7D81F7D00440078A45B /* SwiftLint Script */ = {
			isa = PBXShellScriptBuildPhase;
			buildActionMask = 2147483647;
			files = (
			);
			inputPaths = (
			);
			name = "SwiftLint Script";
			outputPaths = (
			);
			runOnlyForDeploymentPostprocessing = 0;
			shellPath = /bin/sh;
			shellScript = "function toVersion { echo -e \"$@\" | awk -F. '{ printf(\"%d%03d%03d%03d\\n\", $1,$2,$3,$4); }'; }\nif which swiftlint >/dev/null; then\n    current=$(swiftlint version)\n    require=\"0.27.0\"\n    if [ $(toVersion \"$current\") -ge $(toVersion \"$require\") ]; then\n        cd \"${PROJECT_DIR}/../\"\n        swiftlint\n    else\n        echo \"SwiftLint requires a SwiftLint version of >= $require. You are on $current.\"\n        echo \"Please update using 'brew upgrade swiftlint'.\"\n        exit 101\n    fi\nelse\n    echo \"SwiftLint does not exist, download from https://github.com/realm/SwiftLint\"\n    exit 100\nfi";
		};
		AE19FF81F3286D70FBFDEA6A /* [CP] Embed Pods Frameworks */ = {
			isa = PBXShellScriptBuildPhase;
			buildActionMask = 2147483647;
			files = (
			);
			inputPaths = (
				"${PODS_ROOT}/Target Support Files/Pods-RidiOAuth2-Demo-iOS/Pods-RidiOAuth2-Demo-iOS-frameworks.sh",
				"${BUILT_PRODUCTS_DIR}/Alamofire-iOS/Alamofire.framework",
				"${BUILT_PRODUCTS_DIR}/JWTDecode-iOS/JWTDecode.framework",
				"${BUILT_PRODUCTS_DIR}/RidiOAuth2-iOS/RidiOAuth2.framework",
				"${BUILT_PRODUCTS_DIR}/RxSwift-iOS/RxSwift.framework",
			);
			name = "[CP] Embed Pods Frameworks";
			outputPaths = (
				"${TARGET_BUILD_DIR}/${FRAMEWORKS_FOLDER_PATH}/Alamofire.framework",
				"${TARGET_BUILD_DIR}/${FRAMEWORKS_FOLDER_PATH}/JWTDecode.framework",
				"${TARGET_BUILD_DIR}/${FRAMEWORKS_FOLDER_PATH}/RidiOAuth2.framework",
				"${TARGET_BUILD_DIR}/${FRAMEWORKS_FOLDER_PATH}/RxSwift.framework",
			);
			runOnlyForDeploymentPostprocessing = 0;
			shellPath = /bin/sh;
			shellScript = "\"${PODS_ROOT}/Target Support Files/Pods-RidiOAuth2-Demo-iOS/Pods-RidiOAuth2-Demo-iOS-frameworks.sh\"\n";
			showEnvVarsInLog = 0;
		};
		E2E1478970EB80BDDE33D3EA /* [CP] Check Pods Manifest.lock */ = {
			isa = PBXShellScriptBuildPhase;
			buildActionMask = 2147483647;
			files = (
			);
			inputPaths = (
				"${PODS_PODFILE_DIR_PATH}/Podfile.lock",
				"${PODS_ROOT}/Manifest.lock",
			);
			name = "[CP] Check Pods Manifest.lock";
			outputPaths = (
				"$(DERIVED_FILE_DIR)/Pods-RidiOAuth2-Demo-macOS-checkManifestLockResult.txt",
			);
			runOnlyForDeploymentPostprocessing = 0;
			shellPath = /bin/sh;
			shellScript = "diff \"${PODS_PODFILE_DIR_PATH}/Podfile.lock\" \"${PODS_ROOT}/Manifest.lock\" > /dev/null\nif [ $? != 0 ] ; then\n    # print error to STDERR\n    echo \"error: The sandbox is not in sync with the Podfile.lock. Run 'pod install' or update your CocoaPods installation.\" >&2\n    exit 1\nfi\n# This output is used by Xcode 'outputs' to avoid re-running this script phase.\necho \"SUCCESS\" > \"${SCRIPT_OUTPUT_FILE_0}\"\n";
			showEnvVarsInLog = 0;
		};
/* End PBXShellScriptBuildPhase section */

/* Begin PBXSourcesBuildPhase section */
		8394D7BD1F7CF3140078A45B /* Sources */ = {
			isa = PBXSourcesBuildPhase;
			buildActionMask = 2147483647;
			files = (
				2A84132A2150C8C80065D73C /* Global.swift in Sources */,
				8394D7C71F7CF3140078A45B /* ViewController.swift in Sources */,
				2AB5AE63214BA07D002A2804 /* WebViewController.swift in Sources */,
				8394D7C51F7CF3140078A45B /* AppDelegate.swift in Sources */,
			);
			runOnlyForDeploymentPostprocessing = 0;
		};
		8394D7D91F7DD4030078A45B /* Sources */ = {
			isa = PBXSourcesBuildPhase;
			buildActionMask = 2147483647;
			files = (
				8394D7E21F7DD4030078A45B /* ViewController.swift in Sources */,
				8394D7E01F7DD4030078A45B /* AppDelegate.swift in Sources */,
				2A84132B2150C8C80065D73C /* Global.swift in Sources */,
				2AA840FD2150E102003A85B5 /* WebViewController.swift in Sources */,
			);
			runOnlyForDeploymentPostprocessing = 0;
		};
/* End PBXSourcesBuildPhase section */

/* Begin PBXVariantGroup section */
		8394D7C81F7CF3140078A45B /* Main.storyboard */ = {
			isa = PBXVariantGroup;
			children = (
				8394D7C91F7CF3140078A45B /* Base */,
			);
			name = Main.storyboard;
			sourceTree = "<group>";
		};
		8394D7CD1F7CF3140078A45B /* LaunchScreen.storyboard */ = {
			isa = PBXVariantGroup;
			children = (
				8394D7CE1F7CF3140078A45B /* Base */,
			);
			name = LaunchScreen.storyboard;
			sourceTree = "<group>";
		};
		8394D7E51F7DD4030078A45B /* Main.storyboard */ = {
			isa = PBXVariantGroup;
			children = (
				8394D7E61F7DD4030078A45B /* Base */,
			);
			name = Main.storyboard;
			sourceTree = "<group>";
		};
/* End PBXVariantGroup section */

/* Begin XCBuildConfiguration section */
		8394D7D11F7CF3140078A45B /* Debug */ = {
			isa = XCBuildConfiguration;
			buildSettings = {
				ALWAYS_SEARCH_USER_PATHS = NO;
				CLANG_ANALYZER_NONNULL = YES;
				CLANG_ANALYZER_NUMBER_OBJECT_CONVERSION = YES_AGGRESSIVE;
				CLANG_CXX_LANGUAGE_STANDARD = "gnu++0x";
				CLANG_CXX_LIBRARY = "libc++";
				CLANG_ENABLE_MODULES = YES;
				CLANG_ENABLE_OBJC_ARC = YES;
				CLANG_WARN_BLOCK_CAPTURE_AUTORELEASING = YES;
				CLANG_WARN_BOOL_CONVERSION = YES;
				CLANG_WARN_COMMA = YES;
				CLANG_WARN_CONSTANT_CONVERSION = YES;
				CLANG_WARN_DEPRECATED_OBJC_IMPLEMENTATIONS = YES;
				CLANG_WARN_DIRECT_OBJC_ISA_USAGE = YES_ERROR;
				CLANG_WARN_DOCUMENTATION_COMMENTS = YES;
				CLANG_WARN_EMPTY_BODY = YES;
				CLANG_WARN_ENUM_CONVERSION = YES;
				CLANG_WARN_INFINITE_RECURSION = YES;
				CLANG_WARN_INT_CONVERSION = YES;
				CLANG_WARN_NON_LITERAL_NULL_CONVERSION = YES;
				CLANG_WARN_OBJC_IMPLICIT_RETAIN_SELF = YES;
				CLANG_WARN_OBJC_LITERAL_CONVERSION = YES;
				CLANG_WARN_OBJC_ROOT_CLASS = YES_ERROR;
				CLANG_WARN_RANGE_LOOP_ANALYSIS = YES;
				CLANG_WARN_STRICT_PROTOTYPES = YES;
				CLANG_WARN_SUSPICIOUS_MOVE = YES;
				CLANG_WARN_UNREACHABLE_CODE = YES;
				CLANG_WARN__DUPLICATE_METHOD_MATCH = YES;
				"CODE_SIGN_IDENTITY[sdk=iphoneos*]" = "iPhone Developer";
				COPY_PHASE_STRIP = NO;
				DEBUG_INFORMATION_FORMAT = dwarf;
				ENABLE_STRICT_OBJC_MSGSEND = YES;
				ENABLE_TESTABILITY = YES;
				GCC_C_LANGUAGE_STANDARD = gnu99;
				GCC_DYNAMIC_NO_PIC = NO;
				GCC_NO_COMMON_BLOCKS = YES;
				GCC_OPTIMIZATION_LEVEL = 0;
				GCC_PREPROCESSOR_DEFINITIONS = (
					"DEBUG=1",
					"$(inherited)",
				);
				GCC_WARN_64_TO_32_BIT_CONVERSION = YES;
				GCC_WARN_ABOUT_RETURN_TYPE = YES_ERROR;
				GCC_WARN_UNDECLARED_SELECTOR = YES;
				GCC_WARN_UNINITIALIZED_AUTOS = YES_AGGRESSIVE;
				GCC_WARN_UNUSED_FUNCTION = YES;
				GCC_WARN_UNUSED_VARIABLE = YES;
				IPHONEOS_DEPLOYMENT_TARGET = 8.0;
				MACOSX_DEPLOYMENT_TARGET = 10.10;
				MTL_ENABLE_DEBUG_INFO = YES;
				ONLY_ACTIVE_ARCH = YES;
				SDKROOT = iphoneos;
				SWIFT_ACTIVE_COMPILATION_CONDITIONS = DEBUG;
				SWIFT_OPTIMIZATION_LEVEL = "-Onone";
			};
			name = Debug;
		};
		8394D7D21F7CF3140078A45B /* Release */ = {
			isa = XCBuildConfiguration;
			buildSettings = {
				ALWAYS_SEARCH_USER_PATHS = NO;
				CLANG_ANALYZER_NONNULL = YES;
				CLANG_ANALYZER_NUMBER_OBJECT_CONVERSION = YES_AGGRESSIVE;
				CLANG_CXX_LANGUAGE_STANDARD = "gnu++0x";
				CLANG_CXX_LIBRARY = "libc++";
				CLANG_ENABLE_MODULES = YES;
				CLANG_ENABLE_OBJC_ARC = YES;
				CLANG_WARN_BLOCK_CAPTURE_AUTORELEASING = YES;
				CLANG_WARN_BOOL_CONVERSION = YES;
				CLANG_WARN_COMMA = YES;
				CLANG_WARN_CONSTANT_CONVERSION = YES;
				CLANG_WARN_DEPRECATED_OBJC_IMPLEMENTATIONS = YES;
				CLANG_WARN_DIRECT_OBJC_ISA_USAGE = YES_ERROR;
				CLANG_WARN_DOCUMENTATION_COMMENTS = YES;
				CLANG_WARN_EMPTY_BODY = YES;
				CLANG_WARN_ENUM_CONVERSION = YES;
				CLANG_WARN_INFINITE_RECURSION = YES;
				CLANG_WARN_INT_CONVERSION = YES;
				CLANG_WARN_NON_LITERAL_NULL_CONVERSION = YES;
				CLANG_WARN_OBJC_IMPLICIT_RETAIN_SELF = YES;
				CLANG_WARN_OBJC_LITERAL_CONVERSION = YES;
				CLANG_WARN_OBJC_ROOT_CLASS = YES_ERROR;
				CLANG_WARN_RANGE_LOOP_ANALYSIS = YES;
				CLANG_WARN_STRICT_PROTOTYPES = YES;
				CLANG_WARN_SUSPICIOUS_MOVE = YES;
				CLANG_WARN_UNREACHABLE_CODE = YES;
				CLANG_WARN__DUPLICATE_METHOD_MATCH = YES;
				"CODE_SIGN_IDENTITY[sdk=iphoneos*]" = "iPhone Developer";
				COPY_PHASE_STRIP = NO;
				DEBUG_INFORMATION_FORMAT = "dwarf-with-dsym";
				ENABLE_NS_ASSERTIONS = NO;
				ENABLE_STRICT_OBJC_MSGSEND = YES;
				GCC_C_LANGUAGE_STANDARD = gnu99;
				GCC_NO_COMMON_BLOCKS = YES;
				GCC_WARN_64_TO_32_BIT_CONVERSION = YES;
				GCC_WARN_ABOUT_RETURN_TYPE = YES_ERROR;
				GCC_WARN_UNDECLARED_SELECTOR = YES;
				GCC_WARN_UNINITIALIZED_AUTOS = YES_AGGRESSIVE;
				GCC_WARN_UNUSED_FUNCTION = YES;
				GCC_WARN_UNUSED_VARIABLE = YES;
				IPHONEOS_DEPLOYMENT_TARGET = 8.0;
				MACOSX_DEPLOYMENT_TARGET = 10.10;
				MTL_ENABLE_DEBUG_INFO = NO;
				SDKROOT = iphoneos;
				SWIFT_OPTIMIZATION_LEVEL = "-Owholemodule";
				VALIDATE_PRODUCT = YES;
			};
			name = Release;
		};
		8394D7D41F7CF3140078A45B /* Debug */ = {
			isa = XCBuildConfiguration;
			baseConfigurationReference = 66EAE116C90E2E6E1B887FE4 /* Pods-RidiOAuth2-Demo-iOS.debug.xcconfig */;
			buildSettings = {
				ASSETCATALOG_COMPILER_APPICON_NAME = AppIcon;
				"CODE_SIGN_IDENTITY[sdk=iphoneos*]" = "iPhone Developer";
				DEVELOPMENT_TEAM = "";
				INFOPLIST_FILE = "RidiOAuth2-Demo-iOS/Info.plist";
				IPHONEOS_DEPLOYMENT_TARGET = 9.0;
				LD_RUNPATH_SEARCH_PATHS = "$(inherited) @executable_path/Frameworks";
				PRODUCT_BUNDLE_IDENTIFIER = "com.ridi.RidiOAuth2-Demo-iOS";
				PRODUCT_NAME = "$(TARGET_NAME)";
				PROVISIONING_PROFILE_SPECIFIER = "";
				SWIFT_VERSION = 4.2;
			};
			name = Debug;
		};
		8394D7D51F7CF3140078A45B /* Release */ = {
			isa = XCBuildConfiguration;
			baseConfigurationReference = 786D4109FFE1984746BF94B5 /* Pods-RidiOAuth2-Demo-iOS.release.xcconfig */;
			buildSettings = {
				ASSETCATALOG_COMPILER_APPICON_NAME = AppIcon;
				"CODE_SIGN_IDENTITY[sdk=iphoneos*]" = "iPhone Developer";
				DEVELOPMENT_TEAM = "";
				INFOPLIST_FILE = "RidiOAuth2-Demo-iOS/Info.plist";
				IPHONEOS_DEPLOYMENT_TARGET = 9.0;
				LD_RUNPATH_SEARCH_PATHS = "$(inherited) @executable_path/Frameworks";
				PRODUCT_BUNDLE_IDENTIFIER = "com.ridi.RidiOAuth2-Demo-iOS";
				PRODUCT_NAME = "$(TARGET_NAME)";
				PROVISIONING_PROFILE_SPECIFIER = "";
				SWIFT_VERSION = 4.2;
			};
			name = Release;
		};
		8394D7E91F7DD4030078A45B /* Debug */ = {
			isa = XCBuildConfiguration;
			baseConfigurationReference = DED254A1DDBE10CAEF77E0EA /* Pods-RidiOAuth2-Demo-macOS.debug.xcconfig */;
			buildSettings = {
				ASSETCATALOG_COMPILER_APPICON_NAME = AppIcon;
				CODE_SIGN_IDENTITY = "-";
				COMBINE_HIDPI_IMAGES = YES;
				INFOPLIST_FILE = "RidiOAuth2-Demo-macOS/Info.plist";
				LD_RUNPATH_SEARCH_PATHS = "$(inherited) @executable_path/../Frameworks";
				MACOSX_DEPLOYMENT_TARGET = 10.10;
				PRODUCT_BUNDLE_IDENTIFIER = "com.ridi.RidiOAuth2-Demo-macOS";
				PRODUCT_NAME = "$(TARGET_NAME)";
				SDKROOT = macosx;
				SWIFT_VERSION = 4.2;
			};
			name = Debug;
		};
		8394D7EA1F7DD4030078A45B /* Release */ = {
			isa = XCBuildConfiguration;
			baseConfigurationReference = 8AC8C14CB5F66F1FE209DC73 /* Pods-RidiOAuth2-Demo-macOS.release.xcconfig */;
			buildSettings = {
				ASSETCATALOG_COMPILER_APPICON_NAME = AppIcon;
				CODE_SIGN_IDENTITY = "-";
				COMBINE_HIDPI_IMAGES = YES;
				INFOPLIST_FILE = "RidiOAuth2-Demo-macOS/Info.plist";
				LD_RUNPATH_SEARCH_PATHS = "$(inherited) @executable_path/../Frameworks";
				MACOSX_DEPLOYMENT_TARGET = 10.10;
				PRODUCT_BUNDLE_IDENTIFIER = "com.ridi.RidiOAuth2-Demo-macOS";
				PRODUCT_NAME = "$(TARGET_NAME)";
				SDKROOT = macosx;
				SWIFT_VERSION = 4.2;
			};
			name = Release;
		};
/* End XCBuildConfiguration section */

/* Begin XCConfigurationList section */
		8394D7BC1F7CF3140078A45B /* Build configuration list for PBXProject "RidiOAuth2-Demo" */ = {
			isa = XCConfigurationList;
			buildConfigurations = (
				8394D7D11F7CF3140078A45B /* Debug */,
				8394D7D21F7CF3140078A45B /* Release */,
			);
			defaultConfigurationIsVisible = 0;
			defaultConfigurationName = Release;
		};
		8394D7D31F7CF3140078A45B /* Build configuration list for PBXNativeTarget "RidiOAuth2-Demo-iOS" */ = {
			isa = XCConfigurationList;
			buildConfigurations = (
				8394D7D41F7CF3140078A45B /* Debug */,
				8394D7D51F7CF3140078A45B /* Release */,
			);
			defaultConfigurationIsVisible = 0;
			defaultConfigurationName = Release;
		};
		8394D7EB1F7DD4030078A45B /* Build configuration list for PBXNativeTarget "RidiOAuth2-Demo-macOS" */ = {
			isa = XCConfigurationList;
			buildConfigurations = (
				8394D7E91F7DD4030078A45B /* Debug */,
				8394D7EA1F7DD4030078A45B /* Release */,
			);
			defaultConfigurationIsVisible = 0;
			defaultConfigurationName = Release;
		};
/* End XCConfigurationList section */
	};
	rootObject = 8394D7B91F7CF3140078A45B /* Project object */;
}
